<?xml version="1.0" encoding="UTF-8"?>
<Project DefaultTargets="Build" ToolsVersion="4.0" xmlns="http://schemas.microsoft.com/developer/msbuild/2003">
  <ItemGroup>
    <Filter Include="tools_ng\etc\projgen">
      <UniqueIdentifier>{C3FD447F-C90D-6CF0-75B0-C1EC4BCE7A67}</UniqueIdentifier>
    </Filter>
  </ItemGroup>
  <ItemGroup>
    <ClInclude Include="altivec.h" />
    <ClInclude Include="altivec2.h" />
    <ClInclude Include="amath.h" />
    <ClInclude Include="angmath.h" />
    <ClInclude Include="channel.h" />
    <ClInclude Include="constants.h" />
    <ClInclude Include="float16.h" />
    <ClInclude Include="intrinsics.h" />
    <ClInclude Include="math.h" />
    <ClInclude Include="nan.h" />
    <ClInclude Include="polynomial.h" />
    <ClInclude Include="random.h" />
    <ClInclude Include="simplemath.h" />
    <ClInclude Include="spu_random.h" />
    <ClInclude Include="vecmath.h" />
    <ClInclude Include="vecrand.h" />
    <ClInclude Include="vecshift.h" />
  </ItemGroup>
  <ItemGroup>
    <ClCompile Include="amath.cpp" />
    <ClCompile Include="angmath.cpp" />
    <ClCompile Include="float16.cpp" />
    <ClCompile Include="mathchannel.cpp" />
    <ClCompile Include="nan.cpp" />
    <ClCompile Include="polynomial.cpp" />
    <ClCompile Include="random.cpp" />
    <ClCompile Include="simplemath.cpp" />
    <ClCompile Include="vecrand.cpp" />
    <ClCompile Include="vecshift.cpp" />
  </ItemGroup>
  <ItemGroup>
    <ClInclude Include="float16.inl" />
    <ClInclude Include="vecrand.inl" />
  </ItemGroup>
  <ItemGroup>
    <None Include="math.dtx" />
  </ItemGroup>
</Project>