Microsoft Visual Studio Solution File, Format Version 11.00
# Visual Studio 2010
Project("{8BC9CEB8-8B4A-11D0-8D11-00A0C91BC942}") = "viewnm", "viewnm_2010.vcxproj", "{4858666D-08AD-44DF-9476-203E6E9541B5}"
	ProjectSection(ProjectDependencies) = postProject
		{A332A45A-30D2-4007-96DD-E20799ED8CC6} = {A332A45A-30D2-4007-96DD-E20799ED8CC6}
		{6D33C039-C826-4279-B051-90A336BE26F7} = {6D33C039-C826-4279-B051-90A336BE26F7}
		{48F3E00E-0D47-4BBF-8B29-C0AEDE1B2F38} = {48F3E00E-0D47-4BBF-8B29-C0AEDE1B2F38}
		{0870E208-BFDF-45E2-8935-E7FE8A78BE12} = {0870E208-BFDF-45E2-8935-E7FE8A78BE12}
		{72C60125-6299-4623-BDA3-04CC1FC5C193} = {72C60125-6299-4623-BDA3-04CC1FC5C193}
		{59834841-5897-488D-9074-C03E3A65CB58} = {59834841-5897-488D-9074-C03E3A65CB58}
		{AF3462B4-8E41-48F3-8A08-8C6D40086FAF} = {AF3462B4-8E41-48F3-8A08-8C6D40086FAF}
		{E1C2DEDC-5BE3-426E-9A3F-225C9839EC85} = {E1C2DEDC-5BE3-426E-9A3F-225C9839EC85}
		{E3D904DA-F593-4C47-B706-A33A73E8EAE8} = {E3D904DA-F593-4C47-B706-A33A73E8EAE8}
		{83A103DF-FA47-49FF-874D-9FE9F7A0F5EC} = {83A103DF-FA47-49FF-874D-9FE9F7A0F5EC}
		{73D28CBF-C43D-4415-9C10-2F2F2545A609} = {73D28CBF-C43D-4415-9C10-2F2F2545A609}
		{1D735B76-93D1-44CE-976A-DF261EF0EC02} = {1D735B76-93D1-44CE-976A-DF261EF0EC02}
		{9D43A7C9-98BF-4947-B5D9-52761F9D26DF} = {9D43A7C9-98BF-4947-B5D9-52761F9D26DF}
		{41B2A5B9-BFC1-4768-A2D6-7E253604FBDD} = {41B2A5B9-BFC1-4768-A2D6-7E253604FBDD}
		{6C3FBEBE-D502-4943-849E-58C5A1DF3A57} = {6C3FBEBE-D502-4943-849E-58C5A1DF3A57}
		{C282484D-F7DE-4E19-8B0D-25E16B6D753D} = {C282484D-F7DE-4E19-8B0D-25E16B6D753D}
		{7E0377FE-C1D8-45B6-96E5-03DA9C484DD7} = {7E0377FE-C1D8-45B6-96E5-03DA9C484DD7}
		{8A5A4117-6962-4381-B042-0875AD320F66} = {8A5A4117-6962-4381-B042-0875AD320F66}
		{6E977019-6D57-46B9-BD12-82998CB4975F} = {6E977019-6D57-46B9-BD12-82998CB4975F}
	EndProjectSection
EndProject
Project("{8BC9CEB8-8B4A-11D0-8D11-00A0C91BC942}") = "RageCore", "\gta5\src\dev\rage\base\src\vcproj\RageCore\RageCore_2010.vcxproj", "{A332A45A-30D2-4007-96DD-E20799ED8CC6}"
EndProject
Project("{8BC9CEB8-8B4A-11D0-8D11-00A0C91BC942}") = "RageGraphics", "\gta5\src\dev\rage\base\src\vcproj\RageGraphics\RageGraphics_2010.vcxproj", "{6D33C039-C826-4279-B051-90A336BE26F7}"
EndProject
Project("{8BC9CEB8-8B4A-11D0-8D11-00A0C91BC942}") = "RagePhysics", "\gta5\src\dev\rage\base\src\vcproj\RagePhysics\RagePhysics_2010.vcxproj", "{48F3E00E-0D47-4BBF-8B29-C0AEDE1B2F38}"
EndProject
Project("{8BC9CEB8-8B4A-11D0-8D11-00A0C91BC942}") = "RageBaseSample", "\gta5\src\dev\rage\base\samples\vcproj\RageBaseSample\RageBaseSample_2010.vcxproj", "{0870E208-BFDF-45E2-8935-E7FE8A78BE12}"
EndProject
Project("{8BC9CEB8-8B4A-11D0-8D11-00A0C91BC942}") = "RageAudio", "\gta5\src\dev\rage\base\src\vcproj\RageAudio\RageAudio_2010.vcxproj", "{72C60125-6299-4623-BDA3-04CC1FC5C193}"
EndProject
Project("{8BC9CEB8-8B4A-11D0-8D11-00A0C91BC942}") = "NaturalMotion", "\gta5\src\dev\rage\naturalmotion\vcproj\NaturalMotion\NaturalMotion_2010.vcxproj", "{59834841-5897-488D-9074-C03E3A65CB58}"
EndProject
Project("{8BC9CEB8-8B4A-11D0-8D11-00A0C91BC942}") = "rmptfx", "x:\gta5\src\dev\rage\suite\src\rmptfx\rmptfx_2010.vcxproj", "{AF3462B4-8E41-48F3-8A08-8C6D40086FAF}"
EndProject
Project("{8BC9CEB8-8B4A-11D0-8D11-00A0C91BC942}") = "fragment", "x:\gta5\src\dev\rage\suite\src\fragment\fragment_2010.vcxproj", "{E1C2DEDC-5BE3-426E-9A3F-225C9839EC85}"
EndProject
Project("{8BC9CEB8-8B4A-11D0-8D11-00A0C91BC942}") = "cloth", "x:\gta5\src\dev\rage\suite\src\cloth\cloth_2010.vcxproj", "{E3D904DA-F593-4C47-B706-A33A73E8EAE8}"
EndProject
Project("{8BC9CEB8-8B4A-11D0-8D11-00A0C91BC942}") = "spatialdata", "x:\gta5\src\dev\rage\base\src\spatialdata\spatialdata_2010.vcxproj", "{83A103DF-FA47-49FF-874D-9FE9F7A0F5EC}"
EndProject
Project("{8BC9CEB8-8B4A-11D0-8D11-00A0C91BC942}") = "grrope", "x:\gta5\src\dev\rage\suite\src\grrope\grrope_2010.vcxproj", "{73D28CBF-C43D-4415-9C10-2F2F2545A609}"
EndProject
Project("{8BC9CEB8-8B4A-11D0-8D11-00A0C91BC942}") = "event", "x:\gta5\src\dev\rage\suite\src\event\event_2010.vcxproj", "{1D735B76-93D1-44CE-976A-DF261EF0EC02}"
EndProject
Project("{8BC9CEB8-8B4A-11D0-8D11-00A0C91BC942}") = "eventtypes", "x:\gta5\src\dev\rage\suite\src\eventtypes\eventtypes_2010.vcxproj", "{9D43A7C9-98BF-4947-B5D9-52761F9D26DF}"
EndProject
Project("{8BC9CEB8-8B4A-11D0-8D11-00A0C91BC942}") = "phglass", "x:\gta5\src\dev\rage\suite\src\phglass\phglass_2010.vcxproj", "{41B2A5B9-BFC1-4768-A2D6-7E253604FBDD}"
EndProject
Project("{8BC9CEB8-8B4A-11D0-8D11-00A0C91BC942}") = "breakableglass", "x:\gta5\src\dev\rage\suite\src\breakableglass\breakableglass_2010.vcxproj", "{6C3FBEBE-D502-4943-849E-58C5A1DF3A57}"
EndProject
Project("{8BC9CEB8-8B4A-11D0-8D11-00A0C91BC942}") = "sample_physics", "x:\gta5\src\dev\rage\base\samples\sample_physics\sample_physics_2010.vcxproj", "{C282484D-F7DE-4E19-8B0D-25E16B6D753D}"
EndProject
Project("{8BC9CEB8-8B4A-11D0-8D11-00A0C91BC942}") = "sample_fragment", "x:\gta5\src\dev\rage\suite\samples\sample_fragment\sample_fragment_2010.vcxproj", "{7E0377FE-C1D8-45B6-96E5-03DA9C484DD7}"
EndProject
Project("{8BC9CEB8-8B4A-11D0-8D11-00A0C91BC942}") = "sample_rmcore", "x:\gta5\src\dev\rage\base\samples\sample_rmcore\sample_rmcore_2010.vcxproj", "{8A5A4117-6962-4381-B042-0875AD320F66}"
EndProject
Project("{8BC9CEB8-8B4A-11D0-8D11-00A0C91BC942}") = "stlport", "x:\gta5\src\dev\rage\stlport\STLport-5.0RC5\src\stlport_2010.vcxproj", "{6E977019-6D57-46B9-BD12-82998CB4975F}"
EndProject
Global
	GlobalSection(SolutionConfigurationPlatforms) = preSolution
		Beta|PS3 = Beta|PS3
		Beta|Rsc = Beta|Rsc
		Beta|Tool = Beta|Tool
		Beta|Tool64 = Beta|Tool64
		Beta|Win32 = Beta|Win32
		Beta|Win32 DX11 = Beta|Win32 DX11
		Beta|x64 = Beta|x64
		Beta|Xbox 360 = Beta|Xbox 360
		Beta|ORBIS = Beta|ORBIS
		Debug|PS3 = Debug|PS3
		Debug|Rsc = Debug|Rsc
		Debug|Tool = Debug|Tool
		Debug|Tool64 = Debug|Tool64
		Debug|Win32 = Debug|Win32
		Debug|Win32 DX11 = Debug|Win32 DX11
		Debug|x64 = Debug|x64
		Debug|Xbox 360 = Debug|Xbox 360
		Debug|ORBIS = Debug|ORBIS
	EndGlobalSection
	GlobalSection(ProjectConfigurationPlatforms) = postSolution
		{4858666D-08AD-44DF-9476-203E6E9541B5}.Beta|PS3.ActiveCfg = Beta|PS3
		{4858666D-08AD-44DF-9476-203E6E9541B5}.Beta|PS3.Build.0 = Beta|PS3
		{4858666D-08AD-44DF-9476-203E6E9541B5}.Beta|Rsc.ActiveCfg = Beta|Rsc
		{4858666D-08AD-44DF-9476-203E6E9541B5}.Beta|Rsc.Build.0 = Beta|Rsc
		{4858666D-08AD-44DF-9476-203E6E9541B5}.Beta|Tool.ActiveCfg = Beta|Tool
		{4858666D-08AD-44DF-9476-203E6E9541B5}.Beta|Tool.Build.0 = Beta|Tool
		{4858666D-08AD-44DF-9476-203E6E9541B5}.Beta|Tool64.ActiveCfg = Beta|Tool64
		{4858666D-08AD-44DF-9476-203E6E9541B5}.Beta|Tool64.Build.0 = Beta|Tool64
		{4858666D-08AD-44DF-9476-203E6E9541B5}.Beta|Win32.ActiveCfg = Beta|Win32
		{4858666D-08AD-44DF-9476-203E6E9541B5}.Beta|Win32.Build.0 = Beta|Win32
		{4858666D-08AD-44DF-9476-203E6E9541B5}.Beta|Win32 DX11.ActiveCfg = Beta DX11|Win32
		{4858666D-08AD-44DF-9476-203E6E9541B5}.Beta|Win32 DX11.Build.0 = Beta DX11|Win32
		{4858666D-08AD-44DF-9476-203E6E9541B5}.Beta|x64.ActiveCfg = Beta|x64
		{4858666D-08AD-44DF-9476-203E6E9541B5}.Beta|x64.Build.0 = Beta|x64
		{4858666D-08AD-44DF-9476-203E6E9541B5}.Beta|Xbox 360.ActiveCfg = Beta|Xbox 360
		{4858666D-08AD-44DF-9476-203E6E9541B5}.Beta|Xbox 360.Build.0 = Beta|Xbox 360
		{4858666D-08AD-44DF-9476-203E6E9541B5}.Beta|ORBIS.ActiveCfg = Beta|ORBIS
		{4858666D-08AD-44DF-9476-203E6E9541B5}.Beta|ORBIS.Build.0 = Beta|ORBIS
		{4858666D-08AD-44DF-9476-203E6E9541B5}.Debug|PS3.ActiveCfg = Debug|PS3
		{4858666D-08AD-44DF-9476-203E6E9541B5}.Debug|PS3.Build.0 = Debug|PS3
		{4858666D-08AD-44DF-9476-203E6E9541B5}.Debug|Rsc.ActiveCfg = Debug|Rsc
		{4858666D-08AD-44DF-9476-203E6E9541B5}.Debug|Rsc.Build.0 = Debug|Rsc
		{4858666D-08AD-44DF-9476-203E6E9541B5}.Debug|Tool.ActiveCfg = Debug|Tool
		{4858666D-08AD-44DF-9476-203E6E9541B5}.Debug|Tool.Build.0 = Debug|Tool
		{4858666D-08AD-44DF-9476-203E6E9541B5}.Debug|Tool64.ActiveCfg = Debug|Tool64
		{4858666D-08AD-44DF-9476-203E6E9541B5}.Debug|Tool64.Build.0 = Debug|Tool64
		{4858666D-08AD-44DF-9476-203E6E9541B5}.Debug|Win32.ActiveCfg = Debug|Win32
		{4858666D-08AD-44DF-9476-203E6E9541B5}.Debug|Win32.Build.0 = Debug|Win32
		{4858666D-08AD-44DF-9476-203E6E9541B5}.Debug|Win32 DX11.ActiveCfg = Debug DX11|Win32
		{4858666D-08AD-44DF-9476-203E6E9541B5}.Debug|Win32 DX11.Build.0 = Debug DX11|Win32
		{4858666D-08AD-44DF-9476-203E6E9541B5}.Debug|x64.ActiveCfg = Debug|x64
		{4858666D-08AD-44DF-9476-203E6E9541B5}.Debug|x64.Build.0 = Debug|x64
		{4858666D-08AD-44DF-9476-203E6E9541B5}.Debug|Xbox 360.ActiveCfg = Debug|Xbox 360
		{4858666D-08AD-44DF-9476-203E6E9541B5}.Debug|Xbox 360.Build.0 = Debug|Xbox 360
		{4858666D-08AD-44DF-9476-203E6E9541B5}.Debug|ORBIS.ActiveCfg = Debug|ORBIS
		{4858666D-08AD-44DF-9476-203E6E9541B5}.Debug|ORBIS.Build.0 = Debug|ORBIS
		{A332A45A-30D2-4007-96DD-E20799ED8CC6}.Beta|PS3.ActiveCfg = Beta|PS3
		{A332A45A-30D2-4007-96DD-E20799ED8CC6}.Beta|PS3.Build.0 = Beta|PS3
		{A332A45A-30D2-4007-96DD-E20799ED8CC6}.Beta|Rsc.ActiveCfg = Beta|Rsc
		{A332A45A-30D2-4007-96DD-E20799ED8CC6}.Beta|Rsc.Build.0 = Beta|Rsc
		{A332A45A-30D2-4007-96DD-E20799ED8CC6}.Beta|Tool.ActiveCfg = Beta|Tool
		{A332A45A-30D2-4007-96DD-E20799ED8CC6}.Beta|Tool.Build.0 = Beta|Tool
		{A332A45A-30D2-4007-96DD-E20799ED8CC6}.Beta|Tool64.ActiveCfg = Beta|Tool64
		{A332A45A-30D2-4007-96DD-E20799ED8CC6}.Beta|Tool64.Build.0 = Beta|Tool64
		{A332A45A-30D2-4007-96DD-E20799ED8CC6}.Beta|Win32.ActiveCfg = Beta|Win32
		{A332A45A-30D2-4007-96DD-E20799ED8CC6}.Beta|Win32.Build.0 = Beta|Win32
		{A332A45A-30D2-4007-96DD-E20799ED8CC6}.Beta|Win32 DX11.ActiveCfg = Beta DX11|Win32
		{A332A45A-30D2-4007-96DD-E20799ED8CC6}.Beta|Win32 DX11.Build.0 = Beta DX11|Win32
		{A332A45A-30D2-4007-96DD-E20799ED8CC6}.Beta|x64.ActiveCfg = Beta|x64
		{A332A45A-30D2-4007-96DD-E20799ED8CC6}.Beta|x64.Build.0 = Beta|x64
		{A332A45A-30D2-4007-96DD-E20799ED8CC6}.Beta|Xbox 360.ActiveCfg = Beta|Xbox 360
		{A332A45A-30D2-4007-96DD-E20799ED8CC6}.Beta|Xbox 360.Build.0 = Beta|Xbox 360
		{A332A45A-30D2-4007-96DD-E20799ED8CC6}.Beta|ORBIS.ActiveCfg = Beta|ORBIS
		{A332A45A-30D2-4007-96DD-E20799ED8CC6}.Beta|ORBIS.Build.0 = Beta|ORBIS
		{A332A45A-30D2-4007-96DD-E20799ED8CC6}.Debug|PS3.ActiveCfg = Debug|PS3
		{A332A45A-30D2-4007-96DD-E20799ED8CC6}.Debug|PS3.Build.0 = Debug|PS3
		{A332A45A-30D2-4007-96DD-E20799ED8CC6}.Debug|Rsc.ActiveCfg = Debug|Rsc
		{A332A45A-30D2-4007-96DD-E20799ED8CC6}.Debug|Rsc.Build.0 = Debug|Rsc
		{A332A45A-30D2-4007-96DD-E20799ED8CC6}.Debug|Tool.ActiveCfg = Debug|Tool
		{A332A45A-30D2-4007-96DD-E20799ED8CC6}.Debug|Tool.Build.0 = Debug|Tool
		{A332A45A-30D2-4007-96DD-E20799ED8CC6}.Debug|Tool64.ActiveCfg = Debug|Tool64
		{A332A45A-30D2-4007-96DD-E20799ED8CC6}.Debug|Tool64.Build.0 = Debug|Tool64
		{A332A45A-30D2-4007-96DD-E20799ED8CC6}.Debug|Win32.ActiveCfg = Debug|Win32
		{A332A45A-30D2-4007-96DD-E20799ED8CC6}.Debug|Win32.Build.0 = Debug|Win32
		{A332A45A-30D2-4007-96DD-E20799ED8CC6}.Debug|Win32 DX11.ActiveCfg = Debug DX11|Win32
		{A332A45A-30D2-4007-96DD-E20799ED8CC6}.Debug|Win32 DX11.Build.0 = Debug DX11|Win32
		{A332A45A-30D2-4007-96DD-E20799ED8CC6}.Debug|x64.ActiveCfg = Debug|x64
		{A332A45A-30D2-4007-96DD-E20799ED8CC6}.Debug|x64.Build.0 = Debug|x64
		{A332A45A-30D2-4007-96DD-E20799ED8CC6}.Debug|Xbox 360.ActiveCfg = Debug|Xbox 360
		{A332A45A-30D2-4007-96DD-E20799ED8CC6}.Debug|Xbox 360.Build.0 = Debug|Xbox 360
		{A332A45A-30D2-4007-96DD-E20799ED8CC6}.Debug|ORBIS.ActiveCfg = Debug|ORBIS
		{A332A45A-30D2-4007-96DD-E20799ED8CC6}.Debug|ORBIS.Build.0 = Debug|ORBIS
		{6D33C039-C826-4279-B051-90A336BE26F7}.Beta|PS3.ActiveCfg = Beta|PS3
		{6D33C039-C826-4279-B051-90A336BE26F7}.Beta|PS3.Build.0 = Beta|PS3
		{6D33C039-C826-4279-B051-90A336BE26F7}.Beta|Rsc.ActiveCfg = Beta|Rsc
		{6D33C039-C826-4279-B051-90A336BE26F7}.Beta|Rsc.Build.0 = Beta|Rsc
		{6D33C039-C826-4279-B051-90A336BE26F7}.Beta|Tool.ActiveCfg = Beta|Tool
		{6D33C039-C826-4279-B051-90A336BE26F7}.Beta|Tool.Build.0 = Beta|Tool
		{6D33C039-C826-4279-B051-90A336BE26F7}.Beta|Tool64.ActiveCfg = Beta|Tool64
		{6D33C039-C826-4279-B051-90A336BE26F7}.Beta|Tool64.Build.0 = Beta|Tool64
		{6D33C039-C826-4279-B051-90A336BE26F7}.Beta|Win32.ActiveCfg = Beta|Win32
		{6D33C039-C826-4279-B051-90A336BE26F7}.Beta|Win32.Build.0 = Beta|Win32
		{6D33C039-C826-4279-B051-90A336BE26F7}.Beta|Win32 DX11.ActiveCfg = Beta DX11|Win32
		{6D33C039-C826-4279-B051-90A336BE26F7}.Beta|Win32 DX11.Build.0 = Beta DX11|Win32
		{6D33C039-C826-4279-B051-90A336BE26F7}.Beta|x64.ActiveCfg = Beta|x64
		{6D33C039-C826-4279-B051-90A336BE26F7}.Beta|x64.Build.0 = Beta|x64
		{6D33C039-C826-4279-B051-90A336BE26F7}.Beta|Xbox 360.ActiveCfg = Beta|Xbox 360
		{6D33C039-C826-4279-B051-90A336BE26F7}.Beta|Xbox 360.Build.0 = Beta|Xbox 360
		{6D33C039-C826-4279-B051-90A336BE26F7}.Beta|ORBIS.ActiveCfg = Beta|ORBIS
		{6D33C039-C826-4279-B051-90A336BE26F7}.Beta|ORBIS.Build.0 = Beta|ORBIS
		{6D33C039-C826-4279-B051-90A336BE26F7}.Debug|PS3.ActiveCfg = Debug|PS3
		{6D33C039-C826-4279-B051-90A336BE26F7}.Debug|PS3.Build.0 = Debug|PS3
		{6D33C039-C826-4279-B051-90A336BE26F7}.Debug|Rsc.ActiveCfg = Debug|Rsc
		{6D33C039-C826-4279-B051-90A336BE26F7}.Debug|Rsc.Build.0 = Debug|Rsc
		{6D33C039-C826-4279-B051-90A336BE26F7}.Debug|Tool.ActiveCfg = Debug|Tool
		{6D33C039-C826-4279-B051-90A336BE26F7}.Debug|Tool.Build.0 = Debug|Tool
		{6D33C039-C826-4279-B051-90A336BE26F7}.Debug|Tool64.ActiveCfg = Debug|Tool64
		{6D33C039-C826-4279-B051-90A336BE26F7}.Debug|Tool64.Build.0 = Debug|Tool64
		{6D33C039-C826-4279-B051-90A336BE26F7}.Debug|Win32.ActiveCfg = Debug|Win32
		{6D33C039-C826-4279-B051-90A336BE26F7}.Debug|Win32.Build.0 = Debug|Win32
		{6D33C039-C826-4279-B051-90A336BE26F7}.Debug|Win32 DX11.ActiveCfg = Debug DX11|Win32
		{6D33C039-C826-4279-B051-90A336BE26F7}.Debug|Win32 DX11.Build.0 = Debug DX11|Win32
		{6D33C039-C826-4279-B051-90A336BE26F7}.Debug|x64.ActiveCfg = Debug|x64
		{6D33C039-C826-4279-B051-90A336BE26F7}.Debug|x64.Build.0 = Debug|x64
		{6D33C039-C826-4279-B051-90A336BE26F7}.Debug|Xbox 360.ActiveCfg = Debug|Xbox 360
		{6D33C039-C826-4279-B051-90A336BE26F7}.Debug|Xbox 360.Build.0 = Debug|Xbox 360
		{6D33C039-C826-4279-B051-90A336BE26F7}.Debug|ORBIS.ActiveCfg = Debug|ORBIS
		{6D33C039-C826-4279-B051-90A336BE26F7}.Debug|ORBIS.Build.0 = Debug|ORBIS
		{48F3E00E-0D47-4BBF-8B29-C0AEDE1B2F38}.Beta|PS3.ActiveCfg = Beta|PS3
		{48F3E00E-0D47-4BBF-8B29-C0AEDE1B2F38}.Beta|PS3.Build.0 = Beta|PS3
		{48F3E00E-0D47-4BBF-8B29-C0AEDE1B2F38}.Beta|Rsc.ActiveCfg = Beta|Rsc
		{48F3E00E-0D47-4BBF-8B29-C0AEDE1B2F38}.Beta|Rsc.Build.0 = Beta|Rsc
		{48F3E00E-0D47-4BBF-8B29-C0AEDE1B2F38}.Beta|Tool.ActiveCfg = Beta|Tool
		{48F3E00E-0D47-4BBF-8B29-C0AEDE1B2F38}.Beta|Tool.Build.0 = Beta|Tool
		{48F3E00E-0D47-4BBF-8B29-C0AEDE1B2F38}.Beta|Tool64.ActiveCfg = Beta|Tool64
		{48F3E00E-0D47-4BBF-8B29-C0AEDE1B2F38}.Beta|Tool64.Build.0 = Beta|Tool64
		{48F3E00E-0D47-4BBF-8B29-C0AEDE1B2F38}.Beta|Win32.ActiveCfg = Beta|Win32
		{48F3E00E-0D47-4BBF-8B29-C0AEDE1B2F38}.Beta|Win32.Build.0 = Beta|Win32
		{48F3E00E-0D47-4BBF-8B29-C0AEDE1B2F38}.Beta|Win32 DX11.ActiveCfg = Beta DX11|Win32
		{48F3E00E-0D47-4BBF-8B29-C0AEDE1B2F38}.Beta|Win32 DX11.Build.0 = Beta DX11|Win32
		{48F3E00E-0D47-4BBF-8B29-C0AEDE1B2F38}.Beta|x64.ActiveCfg = Beta|x64
		{48F3E00E-0D47-4BBF-8B29-C0AEDE1B2F38}.Beta|x64.Build.0 = Beta|x64
		{48F3E00E-0D47-4BBF-8B29-C0AEDE1B2F38}.Beta|Xbox 360.ActiveCfg = Beta|Xbox 360
		{48F3E00E-0D47-4BBF-8B29-C0AEDE1B2F38}.Beta|Xbox 360.Build.0 = Beta|Xbox 360
		{48F3E00E-0D47-4BBF-8B29-C0AEDE1B2F38}.Beta|ORBIS.ActiveCfg = Beta|ORBIS
		{48F3E00E-0D47-4BBF-8B29-C0AEDE1B2F38}.Beta|ORBIS.Build.0 = Beta|ORBIS
		{48F3E00E-0D47-4BBF-8B29-C0AEDE1B2F38}.Debug|PS3.ActiveCfg = Debug|PS3
		{48F3E00E-0D47-4BBF-8B29-C0AEDE1B2F38}.Debug|PS3.Build.0 = Debug|PS3
		{48F3E00E-0D47-4BBF-8B29-C0AEDE1B2F38}.Debug|Rsc.ActiveCfg = Debug|Rsc
		{48F3E00E-0D47-4BBF-8B29-C0AEDE1B2F38}.Debug|Rsc.Build.0 = Debug|Rsc
		{48F3E00E-0D47-4BBF-8B29-C0AEDE1B2F38}.Debug|Tool.ActiveCfg = Debug|Tool
		{48F3E00E-0D47-4BBF-8B29-C0AEDE1B2F38}.Debug|Tool.Build.0 = Debug|Tool
		{48F3E00E-0D47-4BBF-8B29-C0AEDE1B2F38}.Debug|Tool64.ActiveCfg = Debug|Tool64
		{48F3E00E-0D47-4BBF-8B29-C0AEDE1B2F38}.Debug|Tool64.Build.0 = Debug|Tool64
		{48F3E00E-0D47-4BBF-8B29-C0AEDE1B2F38}.Debug|Win32.ActiveCfg = Debug|Win32
		{48F3E00E-0D47-4BBF-8B29-C0AEDE1B2F38}.Debug|Win32.Build.0 = Debug|Win32
		{48F3E00E-0D47-4BBF-8B29-C0AEDE1B2F38}.Debug|Win32 DX11.ActiveCfg = Debug DX11|Win32
		{48F3E00E-0D47-4BBF-8B29-C0AEDE1B2F38}.Debug|Win32 DX11.Build.0 = Debug DX11|Win32
		{48F3E00E-0D47-4BBF-8B29-C0AEDE1B2F38}.Debug|x64.ActiveCfg = Debug|x64
		{48F3E00E-0D47-4BBF-8B29-C0AEDE1B2F38}.Debug|x64.Build.0 = Debug|x64
		{48F3E00E-0D47-4BBF-8B29-C0AEDE1B2F38}.Debug|Xbox 360.ActiveCfg = Debug|Xbox 360
		{48F3E00E-0D47-4BBF-8B29-C0AEDE1B2F38}.Debug|Xbox 360.Build.0 = Debug|Xbox 360
		{48F3E00E-0D47-4BBF-8B29-C0AEDE1B2F38}.Debug|ORBIS.ActiveCfg = Debug|ORBIS
		{48F3E00E-0D47-4BBF-8B29-C0AEDE1B2F38}.Debug|ORBIS.Build.0 = Debug|ORBIS
		{0870E208-BFDF-45E2-8935-E7FE8A78BE12}.Beta|PS3.ActiveCfg = Beta|PS3
		{0870E208-BFDF-45E2-8935-E7FE8A78BE12}.Beta|PS3.Build.0 = Beta|PS3
		{0870E208-BFDF-45E2-8935-E7FE8A78BE12}.Beta|Rsc.ActiveCfg = Beta|Rsc
		{0870E208-BFDF-45E2-8935-E7FE8A78BE12}.Beta|Rsc.Build.0 = Beta|Rsc
		{0870E208-BFDF-45E2-8935-E7FE8A78BE12}.Beta|Tool.ActiveCfg = Beta|Tool
		{0870E208-BFDF-45E2-8935-E7FE8A78BE12}.Beta|Tool.Build.0 = Beta|Tool
		{0870E208-BFDF-45E2-8935-E7FE8A78BE12}.Beta|Tool64.ActiveCfg = Beta|Tool64
		{0870E208-BFDF-45E2-8935-E7FE8A78BE12}.Beta|Tool64.Build.0 = Beta|Tool64
		{0870E208-BFDF-45E2-8935-E7FE8A78BE12}.Beta|Win32.ActiveCfg = Beta|Win32
		{0870E208-BFDF-45E2-8935-E7FE8A78BE12}.Beta|Win32.Build.0 = Beta|Win32
		{0870E208-BFDF-45E2-8935-E7FE8A78BE12}.Beta|Win32 DX11.ActiveCfg = Beta DX11|Win32
		{0870E208-BFDF-45E2-8935-E7FE8A78BE12}.Beta|Win32 DX11.Build.0 = Beta DX11|Win32
		{0870E208-BFDF-45E2-8935-E7FE8A78BE12}.Beta|x64.ActiveCfg = Beta|x64
		{0870E208-BFDF-45E2-8935-E7FE8A78BE12}.Beta|x64.Build.0 = Beta|x64
		{0870E208-BFDF-45E2-8935-E7FE8A78BE12}.Beta|Xbox 360.ActiveCfg = Beta|Xbox 360
		{0870E208-BFDF-45E2-8935-E7FE8A78BE12}.Beta|Xbox 360.Build.0 = Beta|Xbox 360
		{0870E208-BFDF-45E2-8935-E7FE8A78BE12}.Beta|ORBIS.ActiveCfg = Beta|ORBIS
		{0870E208-BFDF-45E2-8935-E7FE8A78BE12}.Beta|ORBIS.Build.0 = Beta|ORBIS
		{0870E208-BFDF-45E2-8935-E7FE8A78BE12}.Debug|PS3.ActiveCfg = Debug|PS3
		{0870E208-BFDF-45E2-8935-E7FE8A78BE12}.Debug|PS3.Build.0 = Debug|PS3
		{0870E208-BFDF-45E2-8935-E7FE8A78BE12}.Debug|Rsc.ActiveCfg = Debug|Rsc
		{0870E208-BFDF-45E2-8935-E7FE8A78BE12}.Debug|Rsc.Build.0 = Debug|Rsc
		{0870E208-BFDF-45E2-8935-E7FE8A78BE12}.Debug|Tool.ActiveCfg = Debug|Tool
		{0870E208-BFDF-45E2-8935-E7FE8A78BE12}.Debug|Tool.Build.0 = Debug|Tool
		{0870E208-BFDF-45E2-8935-E7FE8A78BE12}.Debug|Tool64.ActiveCfg = Debug|Tool64
		{0870E208-BFDF-45E2-8935-E7FE8A78BE12}.Debug|Tool64.Build.0 = Debug|Tool64
		{0870E208-BFDF-45E2-8935-E7FE8A78BE12}.Debug|Win32.ActiveCfg = Debug|Win32
		{0870E208-BFDF-45E2-8935-E7FE8A78BE12}.Debug|Win32.Build.0 = Debug|Win32
		{0870E208-BFDF-45E2-8935-E7FE8A78BE12}.Debug|Win32 DX11.ActiveCfg = Debug DX11|Win32
		{0870E208-BFDF-45E2-8935-E7FE8A78BE12}.Debug|Win32 DX11.Build.0 = Debug DX11|Win32
		{0870E208-BFDF-45E2-8935-E7FE8A78BE12}.Debug|x64.ActiveCfg = Debug|x64
		{0870E208-BFDF-45E2-8935-E7FE8A78BE12}.Debug|x64.Build.0 = Debug|x64
		{0870E208-BFDF-45E2-8935-E7FE8A78BE12}.Debug|Xbox 360.ActiveCfg = Debug|Xbox 360
		{0870E208-BFDF-45E2-8935-E7FE8A78BE12}.Debug|Xbox 360.Build.0 = Debug|Xbox 360
		{0870E208-BFDF-45E2-8935-E7FE8A78BE12}.Debug|ORBIS.ActiveCfg = Debug|ORBIS
		{0870E208-BFDF-45E2-8935-E7FE8A78BE12}.Debug|ORBIS.Build.0 = Debug|ORBIS
		{72C60125-6299-4623-BDA3-04CC1FC5C193}.Beta|PS3.ActiveCfg = Beta|PS3
		{72C60125-6299-4623-BDA3-04CC1FC5C193}.Beta|PS3.Build.0 = Beta|PS3
		{72C60125-6299-4623-BDA3-04CC1FC5C193}.Beta|Rsc.ActiveCfg = Beta|Rsc
		{72C60125-6299-4623-BDA3-04CC1FC5C193}.Beta|Rsc.Build.0 = Beta|Rsc
		{72C60125-6299-4623-BDA3-04CC1FC5C193}.Beta|Tool.ActiveCfg = Beta|Tool
		{72C60125-6299-4623-BDA3-04CC1FC5C193}.Beta|Tool.Build.0 = Beta|Tool
		{72C60125-6299-4623-BDA3-04CC1FC5C193}.Beta|Tool64.ActiveCfg = Beta|Tool64
		{72C60125-6299-4623-BDA3-04CC1FC5C193}.Beta|Tool64.Build.0 = Beta|Tool64
		{72C60125-6299-4623-BDA3-04CC1FC5C193}.Beta|Win32.ActiveCfg = Beta|Win32
		{72C60125-6299-4623-BDA3-04CC1FC5C193}.Beta|Win32.Build.0 = Beta|Win32
		{72C60125-6299-4623-BDA3-04CC1FC5C193}.Beta|Win32 DX11.ActiveCfg = Beta DX11|Win32
		{72C60125-6299-4623-BDA3-04CC1FC5C193}.Beta|Win32 DX11.Build.0 = Beta DX11|Win32
		{72C60125-6299-4623-BDA3-04CC1FC5C193}.Beta|x64.ActiveCfg = Beta|x64
		{72C60125-6299-4623-BDA3-04CC1FC5C193}.Beta|x64.Build.0 = Beta|x64
		{72C60125-6299-4623-BDA3-04CC1FC5C193}.Beta|Xbox 360.ActiveCfg = Beta|Xbox 360
		{72C60125-6299-4623-BDA3-04CC1FC5C193}.Beta|Xbox 360.Build.0 = Beta|Xbox 360
		{72C60125-6299-4623-BDA3-04CC1FC5C193}.Beta|ORBIS.ActiveCfg = Beta|ORBIS
		{72C60125-6299-4623-BDA3-04CC1FC5C193}.Beta|ORBIS.Build.0 = Beta|ORBIS
		{72C60125-6299-4623-BDA3-04CC1FC5C193}.Debug|PS3.ActiveCfg = Debug|PS3
		{72C60125-6299-4623-BDA3-04CC1FC5C193}.Debug|PS3.Build.0 = Debug|PS3
		{72C60125-6299-4623-BDA3-04CC1FC5C193}.Debug|Rsc.ActiveCfg = Debug|Rsc
		{72C60125-6299-4623-BDA3-04CC1FC5C193}.Debug|Rsc.Build.0 = Debug|Rsc
		{72C60125-6299-4623-BDA3-04CC1FC5C193}.Debug|Tool.ActiveCfg = Debug|Tool
		{72C60125-6299-4623-BDA3-04CC1FC5C193}.Debug|Tool.Build.0 = Debug|Tool
		{72C60125-6299-4623-BDA3-04CC1FC5C193}.Debug|Tool64.ActiveCfg = Debug|Tool64
		{72C60125-6299-4623-BDA3-04CC1FC5C193}.Debug|Tool64.Build.0 = Debug|Tool64
		{72C60125-6299-4623-BDA3-04CC1FC5C193}.Debug|Win32.ActiveCfg = Debug|Win32
		{72C60125-6299-4623-BDA3-04CC1FC5C193}.Debug|Win32.Build.0 = Debug|Win32
		{72C60125-6299-4623-BDA3-04CC1FC5C193}.Debug|Win32 DX11.ActiveCfg = Debug DX11|Win32
		{72C60125-6299-4623-BDA3-04CC1FC5C193}.Debug|Win32 DX11.Build.0 = Debug DX11|Win32
		{72C60125-6299-4623-BDA3-04CC1FC5C193}.Debug|x64.ActiveCfg = Debug|x64
		{72C60125-6299-4623-BDA3-04CC1FC5C193}.Debug|x64.Build.0 = Debug|x64
		{72C60125-6299-4623-BDA3-04CC1FC5C193}.Debug|Xbox 360.ActiveCfg = Debug|Xbox 360
		{72C60125-6299-4623-BDA3-04CC1FC5C193}.Debug|Xbox 360.Build.0 = Debug|Xbox 360
		{72C60125-6299-4623-BDA3-04CC1FC5C193}.Debug|ORBIS.ActiveCfg = Debug|ORBIS
		{72C60125-6299-4623-BDA3-04CC1FC5C193}.Debug|ORBIS.Build.0 = Debug|ORBIS
		{59834841-5897-488D-9074-C03E3A65CB58}.Beta|PS3.ActiveCfg = Beta|PS3
		{59834841-5897-488D-9074-C03E3A65CB58}.Beta|PS3.Build.0 = Beta|PS3
		{59834841-5897-488D-9074-C03E3A65CB58}.Beta|Rsc.ActiveCfg = Beta|Rsc
		{59834841-5897-488D-9074-C03E3A65CB58}.Beta|Rsc.Build.0 = Beta|Rsc
		{59834841-5897-488D-9074-C03E3A65CB58}.Beta|Tool.ActiveCfg = Beta|Tool
		{59834841-5897-488D-9074-C03E3A65CB58}.Beta|Tool.Build.0 = Beta|Tool
		{59834841-5897-488D-9074-C03E3A65CB58}.Beta|Tool64.ActiveCfg = Beta|Tool64
		{59834841-5897-488D-9074-C03E3A65CB58}.Beta|Tool64.Build.0 = Beta|Tool64
		{59834841-5897-488D-9074-C03E3A65CB58}.Beta|Win32.ActiveCfg = Beta|Win32
		{59834841-5897-488D-9074-C03E3A65CB58}.Beta|Win32.Build.0 = Beta|Win32
		{59834841-5897-488D-9074-C03E3A65CB58}.Beta|Win32 DX11.ActiveCfg = Beta DX11|Win32
		{59834841-5897-488D-9074-C03E3A65CB58}.Beta|Win32 DX11.Build.0 = Beta DX11|Win32
		{59834841-5897-488D-9074-C03E3A65CB58}.Beta|x64.ActiveCfg = Beta|x64
		{59834841-5897-488D-9074-C03E3A65CB58}.Beta|x64.Build.0 = Beta|x64
		{59834841-5897-488D-9074-C03E3A65CB58}.Beta|Xbox 360.ActiveCfg = Beta|Xbox 360
		{59834841-5897-488D-9074-C03E3A65CB58}.Beta|Xbox 360.Build.0 = Beta|Xbox 360
		{59834841-5897-488D-9074-C03E3A65CB58}.Beta|ORBIS.ActiveCfg = Beta|ORBIS
		{59834841-5897-488D-9074-C03E3A65CB58}.Beta|ORBIS.Build.0 = Beta|ORBIS
		{59834841-5897-488D-9074-C03E3A65CB58}.Debug|PS3.ActiveCfg = Debug|PS3
		{59834841-5897-488D-9074-C03E3A65CB58}.Debug|PS3.Build.0 = Debug|PS3
		{59834841-5897-488D-9074-C03E3A65CB58}.Debug|Rsc.ActiveCfg = Debug|Rsc
		{59834841-5897-488D-9074-C03E3A65CB58}.Debug|Rsc.Build.0 = Debug|Rsc
		{59834841-5897-488D-9074-C03E3A65CB58}.Debug|Tool.ActiveCfg = Debug|Tool
		{59834841-5897-488D-9074-C03E3A65CB58}.Debug|Tool.Build.0 = Debug|Tool
		{59834841-5897-488D-9074-C03E3A65CB58}.Debug|Tool64.ActiveCfg = Debug|Tool64
		{59834841-5897-488D-9074-C03E3A65CB58}.Debug|Tool64.Build.0 = Debug|Tool64
		{59834841-5897-488D-9074-C03E3A65CB58}.Debug|Win32.ActiveCfg = Debug|Win32
		{59834841-5897-488D-9074-C03E3A65CB58}.Debug|Win32.Build.0 = Debug|Win32
		{59834841-5897-488D-9074-C03E3A65CB58}.Debug|Win32 DX11.ActiveCfg = Debug DX11|Win32
		{59834841-5897-488D-9074-C03E3A65CB58}.Debug|Win32 DX11.Build.0 = Debug DX11|Win32
		{59834841-5897-488D-9074-C03E3A65CB58}.Debug|x64.ActiveCfg = Debug|x64
		{59834841-5897-488D-9074-C03E3A65CB58}.Debug|x64.Build.0 = Debug|x64
		{59834841-5897-488D-9074-C03E3A65CB58}.Debug|Xbox 360.ActiveCfg = Debug|Xbox 360
		{59834841-5897-488D-9074-C03E3A65CB58}.Debug|Xbox 360.Build.0 = Debug|Xbox 360
		{59834841-5897-488D-9074-C03E3A65CB58}.Debug|ORBIS.ActiveCfg = Debug|ORBIS
		{59834841-5897-488D-9074-C03E3A65CB58}.Debug|ORBIS.Build.0 = Debug|ORBIS
		{AF3462B4-8E41-48F3-8A08-8C6D40086FAF}.Beta|PS3.ActiveCfg = Beta|PS3
		{AF3462B4-8E41-48F3-8A08-8C6D40086FAF}.Beta|PS3.Build.0 = Beta|PS3
		{AF3462B4-8E41-48F3-8A08-8C6D40086FAF}.Beta|Rsc.ActiveCfg = Beta|Rsc
		{AF3462B4-8E41-48F3-8A08-8C6D40086FAF}.Beta|Rsc.Build.0 = Beta|Rsc
		{AF3462B4-8E41-48F3-8A08-8C6D40086FAF}.Beta|Tool.ActiveCfg = Beta|Tool
		{AF3462B4-8E41-48F3-8A08-8C6D40086FAF}.Beta|Tool.Build.0 = Beta|Tool
		{AF3462B4-8E41-48F3-8A08-8C6D40086FAF}.Beta|Tool64.ActiveCfg = Beta|Tool64
		{AF3462B4-8E41-48F3-8A08-8C6D40086FAF}.Beta|Tool64.Build.0 = Beta|Tool64
		{AF3462B4-8E41-48F3-8A08-8C6D40086FAF}.Beta|Win32.ActiveCfg = Beta|Win32
		{AF3462B4-8E41-48F3-8A08-8C6D40086FAF}.Beta|Win32.Build.0 = Beta|Win32
		{AF3462B4-8E41-48F3-8A08-8C6D40086FAF}.Beta|Win32 DX11.ActiveCfg = Beta DX11|Win32
		{AF3462B4-8E41-48F3-8A08-8C6D40086FAF}.Beta|Win32 DX11.Build.0 = Beta DX11|Win32
		{AF3462B4-8E41-48F3-8A08-8C6D40086FAF}.Beta|x64.ActiveCfg = Beta|x64
		{AF3462B4-8E41-48F3-8A08-8C6D40086FAF}.Beta|x64.Build.0 = Beta|x64
		{AF3462B4-8E41-48F3-8A08-8C6D40086FAF}.Beta|Xbox 360.ActiveCfg = Beta|Xbox 360
		{AF3462B4-8E41-48F3-8A08-8C6D40086FAF}.Beta|Xbox 360.Build.0 = Beta|Xbox 360
		{AF3462B4-8E41-48F3-8A08-8C6D40086FAF}.Beta|ORBIS.ActiveCfg = Beta|ORBIS
		{AF3462B4-8E41-48F3-8A08-8C6D40086FAF}.Beta|ORBIS.Build.0 = Beta|ORBIS
		{AF3462B4-8E41-48F3-8A08-8C6D40086FAF}.Debug|PS3.ActiveCfg = Debug|PS3
		{AF3462B4-8E41-48F3-8A08-8C6D40086FAF}.Debug|PS3.Build.0 = Debug|PS3
		{AF3462B4-8E41-48F3-8A08-8C6D40086FAF}.Debug|Rsc.ActiveCfg = Debug|Rsc
		{AF3462B4-8E41-48F3-8A08-8C6D40086FAF}.Debug|Rsc.Build.0 = Debug|Rsc
		{AF3462B4-8E41-48F3-8A08-8C6D40086FAF}.Debug|Tool.ActiveCfg = Debug|Tool
		{AF3462B4-8E41-48F3-8A08-8C6D40086FAF}.Debug|Tool.Build.0 = Debug|Tool
		{AF3462B4-8E41-48F3-8A08-8C6D40086FAF}.Debug|Tool64.ActiveCfg = Debug|Tool64
		{AF3462B4-8E41-48F3-8A08-8C6D40086FAF}.Debug|Tool64.Build.0 = Debug|Tool64
		{AF3462B4-8E41-48F3-8A08-8C6D40086FAF}.Debug|Win32.ActiveCfg = Debug|Win32
		{AF3462B4-8E41-48F3-8A08-8C6D40086FAF}.Debug|Win32.Build.0 = Debug|Win32
		{AF3462B4-8E41-48F3-8A08-8C6D40086FAF}.Debug|Win32 DX11.ActiveCfg = Debug DX11|Win32
		{AF3462B4-8E41-48F3-8A08-8C6D40086FAF}.Debug|Win32 DX11.Build.0 = Debug DX11|Win32
		{AF3462B4-8E41-48F3-8A08-8C6D40086FAF}.Debug|x64.ActiveCfg = Debug|x64
		{AF3462B4-8E41-48F3-8A08-8C6D40086FAF}.Debug|x64.Build.0 = Debug|x64
		{AF3462B4-8E41-48F3-8A08-8C6D40086FAF}.Debug|Xbox 360.ActiveCfg = Debug|Xbox 360
		{AF3462B4-8E41-48F3-8A08-8C6D40086FAF}.Debug|Xbox 360.Build.0 = Debug|Xbox 360
		{AF3462B4-8E41-48F3-8A08-8C6D40086FAF}.Debug|ORBIS.ActiveCfg = Debug|ORBIS
		{AF3462B4-8E41-48F3-8A08-8C6D40086FAF}.Debug|ORBIS.Build.0 = Debug|ORBIS
		{E1C2DEDC-5BE3-426E-9A3F-225C9839EC85}.Beta|PS3.ActiveCfg = Beta|PS3
		{E1C2DEDC-5BE3-426E-9A3F-225C9839EC85}.Beta|PS3.Build.0 = Beta|PS3
		{E1C2DEDC-5BE3-426E-9A3F-225C9839EC85}.Beta|Rsc.ActiveCfg = Beta|Rsc
		{E1C2DEDC-5BE3-426E-9A3F-225C9839EC85}.Beta|Rsc.Build.0 = Beta|Rsc
		{E1C2DEDC-5BE3-426E-9A3F-225C9839EC85}.Beta|Tool.ActiveCfg = Beta|Tool
		{E1C2DEDC-5BE3-426E-9A3F-225C9839EC85}.Beta|Tool.Build.0 = Beta|Tool
		{E1C2DEDC-5BE3-426E-9A3F-225C9839EC85}.Beta|Tool64.ActiveCfg = Beta|Tool64
		{E1C2DEDC-5BE3-426E-9A3F-225C9839EC85}.Beta|Tool64.Build.0 = Beta|Tool64
		{E1C2DEDC-5BE3-426E-9A3F-225C9839EC85}.Beta|Win32.ActiveCfg = Beta|Win32
		{E1C2DEDC-5BE3-426E-9A3F-225C9839EC85}.Beta|Win32.Build.0 = Beta|Win32
		{E1C2DEDC-5BE3-426E-9A3F-225C9839EC85}.Beta|Win32 DX11.ActiveCfg = Beta DX11|Win32
		{E1C2DEDC-5BE3-426E-9A3F-225C9839EC85}.Beta|Win32 DX11.Build.0 = Beta DX11|Win32
		{E1C2DEDC-5BE3-426E-9A3F-225C9839EC85}.Beta|x64.ActiveCfg = Beta|x64
		{E1C2DEDC-5BE3-426E-9A3F-225C9839EC85}.Beta|x64.Build.0 = Beta|x64
		{E1C2DEDC-5BE3-426E-9A3F-225C9839EC85}.Beta|Xbox 360.ActiveCfg = Beta|Xbox 360
		{E1C2DEDC-5BE3-426E-9A3F-225C9839EC85}.Beta|Xbox 360.Build.0 = Beta|Xbox 360
		{E1C2DEDC-5BE3-426E-9A3F-225C9839EC85}.Beta|ORBIS.ActiveCfg = Beta|ORBIS
		{E1C2DEDC-5BE3-426E-9A3F-225C9839EC85}.Beta|ORBIS.Build.0 = Beta|ORBIS
		{E1C2DEDC-5BE3-426E-9A3F-225C9839EC85}.Debug|PS3.ActiveCfg = Debug|PS3
		{E1C2DEDC-5BE3-426E-9A3F-225C9839EC85}.Debug|PS3.Build.0 = Debug|PS3
		{E1C2DEDC-5BE3-426E-9A3F-225C9839EC85}.Debug|Rsc.ActiveCfg = Debug|Rsc
		{E1C2DEDC-5BE3-426E-9A3F-225C9839EC85}.Debug|Rsc.Build.0 = Debug|Rsc
		{E1C2DEDC-5BE3-426E-9A3F-225C9839EC85}.Debug|Tool.ActiveCfg = Debug|Tool
		{E1C2DEDC-5BE3-426E-9A3F-225C9839EC85}.Debug|Tool.Build.0 = Debug|Tool
		{E1C2DEDC-5BE3-426E-9A3F-225C9839EC85}.Debug|Tool64.ActiveCfg = Debug|Tool64
		{E1C2DEDC-5BE3-426E-9A3F-225C9839EC85}.Debug|Tool64.Build.0 = Debug|Tool64
		{E1C2DEDC-5BE3-426E-9A3F-225C9839EC85}.Debug|Win32.ActiveCfg = Debug|Win32
		{E1C2DEDC-5BE3-426E-9A3F-225C9839EC85}.Debug|Win32.Build.0 = Debug|Win32
		{E1C2DEDC-5BE3-426E-9A3F-225C9839EC85}.Debug|Win32 DX11.ActiveCfg = Debug DX11|Win32
		{E1C2DEDC-5BE3-426E-9A3F-225C9839EC85}.Debug|Win32 DX11.Build.0 = Debug DX11|Win32
		{E1C2DEDC-5BE3-426E-9A3F-225C9839EC85}.Debug|x64.ActiveCfg = Debug|x64
		{E1C2DEDC-5BE3-426E-9A3F-225C9839EC85}.Debug|x64.Build.0 = Debug|x64
		{E1C2DEDC-5BE3-426E-9A3F-225C9839EC85}.Debug|Xbox 360.ActiveCfg = Debug|Xbox 360
		{E1C2DEDC-5BE3-426E-9A3F-225C9839EC85}.Debug|Xbox 360.Build.0 = Debug|Xbox 360
		{E1C2DEDC-5BE3-426E-9A3F-225C9839EC85}.Debug|ORBIS.ActiveCfg = Debug|ORBIS
		{E1C2DEDC-5BE3-426E-9A3F-225C9839EC85}.Debug|ORBIS.Build.0 = Debug|ORBIS
		{E3D904DA-F593-4C47-B706-A33A73E8EAE8}.Beta|PS3.ActiveCfg = Beta|PS3
		{E3D904DA-F593-4C47-B706-A33A73E8EAE8}.Beta|PS3.Build.0 = Beta|PS3
		{E3D904DA-F593-4C47-B706-A33A73E8EAE8}.Beta|Rsc.ActiveCfg = Beta|Rsc
		{E3D904DA-F593-4C47-B706-A33A73E8EAE8}.Beta|Rsc.Build.0 = Beta|Rsc
		{E3D904DA-F593-4C47-B706-A33A73E8EAE8}.Beta|Tool.ActiveCfg = Beta|Tool
		{E3D904DA-F593-4C47-B706-A33A73E8EAE8}.Beta|Tool.Build.0 = Beta|Tool
		{E3D904DA-F593-4C47-B706-A33A73E8EAE8}.Beta|Tool64.ActiveCfg = Beta|Tool64
		{E3D904DA-F593-4C47-B706-A33A73E8EAE8}.Beta|Tool64.Build.0 = Beta|Tool64
		{E3D904DA-F593-4C47-B706-A33A73E8EAE8}.Beta|Win32.ActiveCfg = Beta|Win32
		{E3D904DA-F593-4C47-B706-A33A73E8EAE8}.Beta|Win32.Build.0 = Beta|Win32
		{E3D904DA-F593-4C47-B706-A33A73E8EAE8}.Beta|Win32 DX11.ActiveCfg = Beta DX11|Win32
		{E3D904DA-F593-4C47-B706-A33A73E8EAE8}.Beta|Win32 DX11.Build.0 = Beta DX11|Win32
		{E3D904DA-F593-4C47-B706-A33A73E8EAE8}.Beta|x64.ActiveCfg = Beta|x64
		{E3D904DA-F593-4C47-B706-A33A73E8EAE8}.Beta|x64.Build.0 = Beta|x64
		{E3D904DA-F593-4C47-B706-A33A73E8EAE8}.Beta|Xbox 360.ActiveCfg = Beta|Xbox 360
		{E3D904DA-F593-4C47-B706-A33A73E8EAE8}.Beta|Xbox 360.Build.0 = Beta|Xbox 360
		{E3D904DA-F593-4C47-B706-A33A73E8EAE8}.Beta|ORBIS.ActiveCfg = Beta|ORBIS
		{E3D904DA-F593-4C47-B706-A33A73E8EAE8}.Beta|ORBIS.Build.0 = Beta|ORBIS
		{E3D904DA-F593-4C47-B706-A33A73E8EAE8}.Debug|PS3.ActiveCfg = Debug|PS3
		{E3D904DA-F593-4C47-B706-A33A73E8EAE8}.Debug|PS3.Build.0 = Debug|PS3
		{E3D904DA-F593-4C47-B706-A33A73E8EAE8}.Debug|Rsc.ActiveCfg = Debug|Rsc
		{E3D904DA-F593-4C47-B706-A33A73E8EAE8}.Debug|Rsc.Build.0 = Debug|Rsc
		{E3D904DA-F593-4C47-B706-A33A73E8EAE8}.Debug|Tool.ActiveCfg = Debug|Tool
		{E3D904DA-F593-4C47-B706-A33A73E8EAE8}.Debug|Tool.Build.0 = Debug|Tool
		{E3D904DA-F593-4C47-B706-A33A73E8EAE8}.Debug|Tool64.ActiveCfg = Debug|Tool64
		{E3D904DA-F593-4C47-B706-A33A73E8EAE8}.Debug|Tool64.Build.0 = Debug|Tool64
		{E3D904DA-F593-4C47-B706-A33A73E8EAE8}.Debug|Win32.ActiveCfg = Debug|Win32
		{E3D904DA-F593-4C47-B706-A33A73E8EAE8}.Debug|Win32.Build.0 = Debug|Win32
		{E3D904DA-F593-4C47-B706-A33A73E8EAE8}.Debug|Win32 DX11.ActiveCfg = Debug DX11|Win32
		{E3D904DA-F593-4C47-B706-A33A73E8EAE8}.Debug|Win32 DX11.Build.0 = Debug DX11|Win32
		{E3D904DA-F593-4C47-B706-A33A73E8EAE8}.Debug|x64.ActiveCfg = Debug|x64
		{E3D904DA-F593-4C47-B706-A33A73E8EAE8}.Debug|x64.Build.0 = Debug|x64
		{E3D904DA-F593-4C47-B706-A33A73E8EAE8}.Debug|Xbox 360.ActiveCfg = Debug|Xbox 360
		{E3D904DA-F593-4C47-B706-A33A73E8EAE8}.Debug|Xbox 360.Build.0 = Debug|Xbox 360
		{E3D904DA-F593-4C47-B706-A33A73E8EAE8}.Debug|ORBIS.ActiveCfg = Debug|ORBIS
		{E3D904DA-F593-4C47-B706-A33A73E8EAE8}.Debug|ORBIS.Build.0 = Debug|ORBIS
		{83A103DF-FA47-49FF-874D-9FE9F7A0F5EC}.Beta|PS3.ActiveCfg = Beta|PS3
		{83A103DF-FA47-49FF-874D-9FE9F7A0F5EC}.Beta|PS3.Build.0 = Beta|PS3
		{83A103DF-FA47-49FF-874D-9FE9F7A0F5EC}.Beta|Rsc.ActiveCfg = Beta|Rsc
		{83A103DF-FA47-49FF-874D-9FE9F7A0F5EC}.Beta|Rsc.Build.0 = Beta|Rsc
		{83A103DF-FA47-49FF-874D-9FE9F7A0F5EC}.Beta|Tool.ActiveCfg = Beta|Tool
		{83A103DF-FA47-49FF-874D-9FE9F7A0F5EC}.Beta|Tool.Build.0 = Beta|Tool
		{83A103DF-FA47-49FF-874D-9FE9F7A0F5EC}.Beta|Tool64.ActiveCfg = Beta|Tool64
		{83A103DF-FA47-49FF-874D-9FE9F7A0F5EC}.Beta|Tool64.Build.0 = Beta|Tool64
		{83A103DF-FA47-49FF-874D-9FE9F7A0F5EC}.Beta|Win32.ActiveCfg = Beta|Win32
		{83A103DF-FA47-49FF-874D-9FE9F7A0F5EC}.Beta|Win32.Build.0 = Beta|Win32
		{83A103DF-FA47-49FF-874D-9FE9F7A0F5EC}.Beta|Win32 DX11.ActiveCfg = Beta DX11|Win32
		{83A103DF-FA47-49FF-874D-9FE9F7A0F5EC}.Beta|Win32 DX11.Build.0 = Beta DX11|Win32
		{83A103DF-FA47-49FF-874D-9FE9F7A0F5EC}.Beta|x64.ActiveCfg = Beta|x64
		{83A103DF-FA47-49FF-874D-9FE9F7A0F5EC}.Beta|x64.Build.0 = Beta|x64
		{83A103DF-FA47-49FF-874D-9FE9F7A0F5EC}.Beta|Xbox 360.ActiveCfg = Beta|Xbox 360
		{83A103DF-FA47-49FF-874D-9FE9F7A0F5EC}.Beta|Xbox 360.Build.0 = Beta|Xbox 360
		{83A103DF-FA47-49FF-874D-9FE9F7A0F5EC}.Beta|ORBIS.ActiveCfg = Beta|ORBIS
		{83A103DF-FA47-49FF-874D-9FE9F7A0F5EC}.Beta|ORBIS.Build.0 = Beta|ORBIS
		{83A103DF-FA47-49FF-874D-9FE9F7A0F5EC}.Debug|PS3.ActiveCfg = Debug|PS3
		{83A103DF-FA47-49FF-874D-9FE9F7A0F5EC}.Debug|PS3.Build.0 = Debug|PS3
		{83A103DF-FA47-49FF-874D-9FE9F7A0F5EC}.Debug|Rsc.ActiveCfg = Debug|Rsc
		{83A103DF-FA47-49FF-874D-9FE9F7A0F5EC}.Debug|Rsc.Build.0 = Debug|Rsc
		{83A103DF-FA47-49FF-874D-9FE9F7A0F5EC}.Debug|Tool.ActiveCfg = Debug|Tool
		{83A103DF-FA47-49FF-874D-9FE9F7A0F5EC}.Debug|Tool.Build.0 = Debug|Tool
		{83A103DF-FA47-49FF-874D-9FE9F7A0F5EC}.Debug|Tool64.ActiveCfg = Debug|Tool64
		{83A103DF-FA47-49FF-874D-9FE9F7A0F5EC}.Debug|Tool64.Build.0 = Debug|Tool64
		{83A103DF-FA47-49FF-874D-9FE9F7A0F5EC}.Debug|Win32.ActiveCfg = Debug|Win32
		{83A103DF-FA47-49FF-874D-9FE9F7A0F5EC}.Debug|Win32.Build.0 = Debug|Win32
		{83A103DF-FA47-49FF-874D-9FE9F7A0F5EC}.Debug|Win32 DX11.ActiveCfg = Debug DX11|Win32
		{83A103DF-FA47-49FF-874D-9FE9F7A0F5EC}.Debug|Win32 DX11.Build.0 = Debug DX11|Win32
		{83A103DF-FA47-49FF-874D-9FE9F7A0F5EC}.Debug|x64.ActiveCfg = Debug|x64
		{83A103DF-FA47-49FF-874D-9FE9F7A0F5EC}.Debug|x64.Build.0 = Debug|x64
		{83A103DF-FA47-49FF-874D-9FE9F7A0F5EC}.Debug|Xbox 360.ActiveCfg = Debug|Xbox 360
		{83A103DF-FA47-49FF-874D-9FE9F7A0F5EC}.Debug|Xbox 360.Build.0 = Debug|Xbox 360
		{83A103DF-FA47-49FF-874D-9FE9F7A0F5EC}.Debug|ORBIS.ActiveCfg = Debug|ORBIS
		{83A103DF-FA47-49FF-874D-9FE9F7A0F5EC}.Debug|ORBIS.Build.0 = Debug|ORBIS
		{73D28CBF-C43D-4415-9C10-2F2F2545A609}.Beta|PS3.ActiveCfg = Beta|PS3
		{73D28CBF-C43D-4415-9C10-2F2F2545A609}.Beta|PS3.Build.0 = Beta|PS3
		{73D28CBF-C43D-4415-9C10-2F2F2545A609}.Beta|Rsc.ActiveCfg = Beta|Rsc
		{73D28CBF-C43D-4415-9C10-2F2F2545A609}.Beta|Rsc.Build.0 = Beta|Rsc
		{73D28CBF-C43D-4415-9C10-2F2F2545A609}.Beta|Tool.ActiveCfg = Beta|Tool
		{73D28CBF-C43D-4415-9C10-2F2F2545A609}.Beta|Tool.Build.0 = Beta|Tool
		{73D28CBF-C43D-4415-9C10-2F2F2545A609}.Beta|Tool64.ActiveCfg = Beta|Tool64
		{73D28CBF-C43D-4415-9C10-2F2F2545A609}.Beta|Tool64.Build.0 = Beta|Tool64
		{73D28CBF-C43D-4415-9C10-2F2F2545A609}.Beta|Win32.ActiveCfg = Beta|Win32
		{73D28CBF-C43D-4415-9C10-2F2F2545A609}.Beta|Win32.Build.0 = Beta|Win32
		{73D28CBF-C43D-4415-9C10-2F2F2545A609}.Beta|Win32 DX11.ActiveCfg = Beta DX11|Win32
		{73D28CBF-C43D-4415-9C10-2F2F2545A609}.Beta|Win32 DX11.Build.0 = Beta DX11|Win32
		{73D28CBF-C43D-4415-9C10-2F2F2545A609}.Beta|x64.ActiveCfg = Beta|x64
		{73D28CBF-C43D-4415-9C10-2F2F2545A609}.Beta|x64.Build.0 = Beta|x64
		{73D28CBF-C43D-4415-9C10-2F2F2545A609}.Beta|Xbox 360.ActiveCfg = Beta|Xbox 360
		{73D28CBF-C43D-4415-9C10-2F2F2545A609}.Beta|Xbox 360.Build.0 = Beta|Xbox 360
		{73D28CBF-C43D-4415-9C10-2F2F2545A609}.Beta|ORBIS.ActiveCfg = Beta|ORBIS
		{73D28CBF-C43D-4415-9C10-2F2F2545A609}.Beta|ORBIS.Build.0 = Beta|ORBIS
		{73D28CBF-C43D-4415-9C10-2F2F2545A609}.Debug|PS3.ActiveCfg = Debug|PS3
		{73D28CBF-C43D-4415-9C10-2F2F2545A609}.Debug|PS3.Build.0 = Debug|PS3
		{73D28CBF-C43D-4415-9C10-2F2F2545A609}.Debug|Rsc.ActiveCfg = Debug|Rsc
		{73D28CBF-C43D-4415-9C10-2F2F2545A609}.Debug|Rsc.Build.0 = Debug|Rsc
		{73D28CBF-C43D-4415-9C10-2F2F2545A609}.Debug|Tool.ActiveCfg = Debug|Tool
		{73D28CBF-C43D-4415-9C10-2F2F2545A609}.Debug|Tool.Build.0 = Debug|Tool
		{73D28CBF-C43D-4415-9C10-2F2F2545A609}.Debug|Tool64.ActiveCfg = Debug|Tool64
		{73D28CBF-C43D-4415-9C10-2F2F2545A609}.Debug|Tool64.Build.0 = Debug|Tool64
		{73D28CBF-C43D-4415-9C10-2F2F2545A609}.Debug|Win32.ActiveCfg = Debug|Win32
		{73D28CBF-C43D-4415-9C10-2F2F2545A609}.Debug|Win32.Build.0 = Debug|Win32
		{73D28CBF-C43D-4415-9C10-2F2F2545A609}.Debug|Win32 DX11.ActiveCfg = Debug DX11|Win32
		{73D28CBF-C43D-4415-9C10-2F2F2545A609}.Debug|Win32 DX11.Build.0 = Debug DX11|Win32
		{73D28CBF-C43D-4415-9C10-2F2F2545A609}.Debug|x64.ActiveCfg = Debug|x64
		{73D28CBF-C43D-4415-9C10-2F2F2545A609}.Debug|x64.Build.0 = Debug|x64
		{73D28CBF-C43D-4415-9C10-2F2F2545A609}.Debug|Xbox 360.ActiveCfg = Debug|Xbox 360
		{73D28CBF-C43D-4415-9C10-2F2F2545A609}.Debug|Xbox 360.Build.0 = Debug|Xbox 360
		{73D28CBF-C43D-4415-9C10-2F2F2545A609}.Debug|ORBIS.ActiveCfg = Debug|ORBIS
		{73D28CBF-C43D-4415-9C10-2F2F2545A609}.Debug|ORBIS.Build.0 = Debug|ORBIS
		{1D735B76-93D1-44CE-976A-DF261EF0EC02}.Beta|PS3.ActiveCfg = Beta|PS3
		{1D735B76-93D1-44CE-976A-DF261EF0EC02}.Beta|PS3.Build.0 = Beta|PS3
		{1D735B76-93D1-44CE-976A-DF261EF0EC02}.Beta|Rsc.ActiveCfg = Beta|Rsc
		{1D735B76-93D1-44CE-976A-DF261EF0EC02}.Beta|Rsc.Build.0 = Beta|Rsc
		{1D735B76-93D1-44CE-976A-DF261EF0EC02}.Beta|Tool.ActiveCfg = Beta|Tool
		{1D735B76-93D1-44CE-976A-DF261EF0EC02}.Beta|Tool.Build.0 = Beta|Tool
		{1D735B76-93D1-44CE-976A-DF261EF0EC02}.Beta|Tool64.ActiveCfg = Beta|Tool64
		{1D735B76-93D1-44CE-976A-DF261EF0EC02}.Beta|Tool64.Build.0 = Beta|Tool64
		{1D735B76-93D1-44CE-976A-DF261EF0EC02}.Beta|Win32.ActiveCfg = Beta|Win32
		{1D735B76-93D1-44CE-976A-DF261EF0EC02}.Beta|Win32.Build.0 = Beta|Win32
		{1D735B76-93D1-44CE-976A-DF261EF0EC02}.Beta|Win32 DX11.ActiveCfg = Beta DX11|Win32
		{1D735B76-93D1-44CE-976A-DF261EF0EC02}.Beta|Win32 DX11.Build.0 = Beta DX11|Win32
		{1D735B76-93D1-44CE-976A-DF261EF0EC02}.Beta|x64.ActiveCfg = Beta|x64
		{1D735B76-93D1-44CE-976A-DF261EF0EC02}.Beta|x64.Build.0 = Beta|x64
		{1D735B76-93D1-44CE-976A-DF261EF0EC02}.Beta|Xbox 360.ActiveCfg = Beta|Xbox 360
		{1D735B76-93D1-44CE-976A-DF261EF0EC02}.Beta|Xbox 360.Build.0 = Beta|Xbox 360
		{1D735B76-93D1-44CE-976A-DF261EF0EC02}.Beta|ORBIS.ActiveCfg = Beta|ORBIS
		{1D735B76-93D1-44CE-976A-DF261EF0EC02}.Beta|ORBIS.Build.0 = Beta|ORBIS
		{1D735B76-93D1-44CE-976A-DF261EF0EC02}.Debug|PS3.ActiveCfg = Debug|PS3
		{1D735B76-93D1-44CE-976A-DF261EF0EC02}.Debug|PS3.Build.0 = Debug|PS3
		{1D735B76-93D1-44CE-976A-DF261EF0EC02}.Debug|Rsc.ActiveCfg = Debug|Rsc
		{1D735B76-93D1-44CE-976A-DF261EF0EC02}.Debug|Rsc.Build.0 = Debug|Rsc
		{1D735B76-93D1-44CE-976A-DF261EF0EC02}.Debug|Tool.ActiveCfg = Debug|Tool
		{1D735B76-93D1-44CE-976A-DF261EF0EC02}.Debug|Tool.Build.0 = Debug|Tool
		{1D735B76-93D1-44CE-976A-DF261EF0EC02}.Debug|Tool64.ActiveCfg = Debug|Tool64
		{1D735B76-93D1-44CE-976A-DF261EF0EC02}.Debug|Tool64.Build.0 = Debug|Tool64
		{1D735B76-93D1-44CE-976A-DF261EF0EC02}.Debug|Win32.ActiveCfg = Debug|Win32
		{1D735B76-93D1-44CE-976A-DF261EF0EC02}.Debug|Win32.Build.0 = Debug|Win32
		{1D735B76-93D1-44CE-976A-DF261EF0EC02}.Debug|Win32 DX11.ActiveCfg = Debug DX11|Win32
		{1D735B76-93D1-44CE-976A-DF261EF0EC02}.Debug|Win32 DX11.Build.0 = Debug DX11|Win32
		{1D735B76-93D1-44CE-976A-DF261EF0EC02}.Debug|x64.ActiveCfg = Debug|x64
		{1D735B76-93D1-44CE-976A-DF261EF0EC02}.Debug|x64.Build.0 = Debug|x64
		{1D735B76-93D1-44CE-976A-DF261EF0EC02}.Debug|Xbox 360.ActiveCfg = Debug|Xbox 360
		{1D735B76-93D1-44CE-976A-DF261EF0EC02}.Debug|Xbox 360.Build.0 = Debug|Xbox 360
		{1D735B76-93D1-44CE-976A-DF261EF0EC02}.Debug|ORBIS.ActiveCfg = Debug|ORBIS
		{1D735B76-93D1-44CE-976A-DF261EF0EC02}.Debug|ORBIS.Build.0 = Debug|ORBIS
		{9D43A7C9-98BF-4947-B5D9-52761F9D26DF}.Beta|PS3.ActiveCfg = Beta|PS3
		{9D43A7C9-98BF-4947-B5D9-52761F9D26DF}.Beta|PS3.Build.0 = Beta|PS3
		{9D43A7C9-98BF-4947-B5D9-52761F9D26DF}.Beta|Rsc.ActiveCfg = Beta|Rsc
		{9D43A7C9-98BF-4947-B5D9-52761F9D26DF}.Beta|Rsc.Build.0 = Beta|Rsc
		{9D43A7C9-98BF-4947-B5D9-52761F9D26DF}.Beta|Tool.ActiveCfg = Beta|Tool
		{9D43A7C9-98BF-4947-B5D9-52761F9D26DF}.Beta|Tool.Build.0 = Beta|Tool
		{9D43A7C9-98BF-4947-B5D9-52761F9D26DF}.Beta|Tool64.ActiveCfg = Beta|Tool64
		{9D43A7C9-98BF-4947-B5D9-52761F9D26DF}.Beta|Tool64.Build.0 = Beta|Tool64
		{9D43A7C9-98BF-4947-B5D9-52761F9D26DF}.Beta|Win32.ActiveCfg = Beta|Win32
		{9D43A7C9-98BF-4947-B5D9-52761F9D26DF}.Beta|Win32.Build.0 = Beta|Win32
		{9D43A7C9-98BF-4947-B5D9-52761F9D26DF}.Beta|Win32 DX11.ActiveCfg = Beta DX11|Win32
		{9D43A7C9-98BF-4947-B5D9-52761F9D26DF}.Beta|Win32 DX11.Build.0 = Beta DX11|Win32
		{9D43A7C9-98BF-4947-B5D9-52761F9D26DF}.Beta|x64.ActiveCfg = Beta|x64
		{9D43A7C9-98BF-4947-B5D9-52761F9D26DF}.Beta|x64.Build.0 = Beta|x64
		{9D43A7C9-98BF-4947-B5D9-52761F9D26DF}.Beta|Xbox 360.ActiveCfg = Beta|Xbox 360
		{9D43A7C9-98BF-4947-B5D9-52761F9D26DF}.Beta|Xbox 360.Build.0 = Beta|Xbox 360
		{9D43A7C9-98BF-4947-B5D9-52761F9D26DF}.Beta|ORBIS.ActiveCfg = Beta|ORBIS
		{9D43A7C9-98BF-4947-B5D9-52761F9D26DF}.Beta|ORBIS.Build.0 = Beta|ORBIS
		{9D43A7C9-98BF-4947-B5D9-52761F9D26DF}.Debug|PS3.ActiveCfg = Debug|PS3
		{9D43A7C9-98BF-4947-B5D9-52761F9D26DF}.Debug|PS3.Build.0 = Debug|PS3
		{9D43A7C9-98BF-4947-B5D9-52761F9D26DF}.Debug|Rsc.ActiveCfg = Debug|Rsc
		{9D43A7C9-98BF-4947-B5D9-52761F9D26DF}.Debug|Rsc.Build.0 = Debug|Rsc
		{9D43A7C9-98BF-4947-B5D9-52761F9D26DF}.Debug|Tool.ActiveCfg = Debug|Tool
		{9D43A7C9-98BF-4947-B5D9-52761F9D26DF}.Debug|Tool.Build.0 = Debug|Tool
		{9D43A7C9-98BF-4947-B5D9-52761F9D26DF}.Debug|Tool64.ActiveCfg = Debug|Tool64
		{9D43A7C9-98BF-4947-B5D9-52761F9D26DF}.Debug|Tool64.Build.0 = Debug|Tool64
		{9D43A7C9-98BF-4947-B5D9-52761F9D26DF}.Debug|Win32.ActiveCfg = Debug|Win32
		{9D43A7C9-98BF-4947-B5D9-52761F9D26DF}.Debug|Win32.Build.0 = Debug|Win32
		{9D43A7C9-98BF-4947-B5D9-52761F9D26DF}.Debug|Win32 DX11.ActiveCfg = Debug DX11|Win32
		{9D43A7C9-98BF-4947-B5D9-52761F9D26DF}.Debug|Win32 DX11.Build.0 = Debug DX11|Win32
		{9D43A7C9-98BF-4947-B5D9-52761F9D26DF}.Debug|x64.ActiveCfg = Debug|x64
		{9D43A7C9-98BF-4947-B5D9-52761F9D26DF}.Debug|x64.Build.0 = Debug|x64
		{9D43A7C9-98BF-4947-B5D9-52761F9D26DF}.Debug|Xbox 360.ActiveCfg = Debug|Xbox 360
		{9D43A7C9-98BF-4947-B5D9-52761F9D26DF}.Debug|Xbox 360.Build.0 = Debug|Xbox 360
		{9D43A7C9-98BF-4947-B5D9-52761F9D26DF}.Debug|ORBIS.ActiveCfg = Debug|ORBIS
		{9D43A7C9-98BF-4947-B5D9-52761F9D26DF}.Debug|ORBIS.Build.0 = Debug|ORBIS
		{41B2A5B9-BFC1-4768-A2D6-7E253604FBDD}.Beta|PS3.ActiveCfg = Beta|PS3
		{41B2A5B9-BFC1-4768-A2D6-7E253604FBDD}.Beta|PS3.Build.0 = Beta|PS3
		{41B2A5B9-BFC1-4768-A2D6-7E253604FBDD}.Beta|Rsc.ActiveCfg = Beta|Rsc
		{41B2A5B9-BFC1-4768-A2D6-7E253604FBDD}.Beta|Rsc.Build.0 = Beta|Rsc
		{41B2A5B9-BFC1-4768-A2D6-7E253604FBDD}.Beta|Tool.ActiveCfg = Beta|Tool
		{41B2A5B9-BFC1-4768-A2D6-7E253604FBDD}.Beta|Tool.Build.0 = Beta|Tool
		{41B2A5B9-BFC1-4768-A2D6-7E253604FBDD}.Beta|Tool64.ActiveCfg = Beta|Tool64
		{41B2A5B9-BFC1-4768-A2D6-7E253604FBDD}.Beta|Tool64.Build.0 = Beta|Tool64
		{41B2A5B9-BFC1-4768-A2D6-7E253604FBDD}.Beta|Win32.ActiveCfg = Beta|Win32
		{41B2A5B9-BFC1-4768-A2D6-7E253604FBDD}.Beta|Win32.Build.0 = Beta|Win32
		{41B2A5B9-BFC1-4768-A2D6-7E253604FBDD}.Beta|Win32 DX11.ActiveCfg = Beta DX11|Win32
		{41B2A5B9-BFC1-4768-A2D6-7E253604FBDD}.Beta|Win32 DX11.Build.0 = Beta DX11|Win32
		{41B2A5B9-BFC1-4768-A2D6-7E253604FBDD}.Beta|x64.ActiveCfg = Beta|x64
		{41B2A5B9-BFC1-4768-A2D6-7E253604FBDD}.Beta|x64.Build.0 = Beta|x64
		{41B2A5B9-BFC1-4768-A2D6-7E253604FBDD}.Beta|Xbox 360.ActiveCfg = Beta|Xbox 360
		{41B2A5B9-BFC1-4768-A2D6-7E253604FBDD}.Beta|Xbox 360.Build.0 = Beta|Xbox 360
		{41B2A5B9-BFC1-4768-A2D6-7E253604FBDD}.Beta|ORBIS.ActiveCfg = Beta|ORBIS
		{41B2A5B9-BFC1-4768-A2D6-7E253604FBDD}.Beta|ORBIS.Build.0 = Beta|ORBIS
		{41B2A5B9-BFC1-4768-A2D6-7E253604FBDD}.Debug|PS3.ActiveCfg = Debug|PS3
		{41B2A5B9-BFC1-4768-A2D6-7E253604FBDD}.Debug|PS3.Build.0 = Debug|PS3
		{41B2A5B9-BFC1-4768-A2D6-7E253604FBDD}.Debug|Rsc.ActiveCfg = Debug|Rsc
		{41B2A5B9-BFC1-4768-A2D6-7E253604FBDD}.Debug|Rsc.Build.0 = Debug|Rsc
		{41B2A5B9-BFC1-4768-A2D6-7E253604FBDD}.Debug|Tool.ActiveCfg = Debug|Tool
		{41B2A5B9-BFC1-4768-A2D6-7E253604FBDD}.Debug|Tool.Build.0 = Debug|Tool
		{41B2A5B9-BFC1-4768-A2D6-7E253604FBDD}.Debug|Tool64.ActiveCfg = Debug|Tool64
		{41B2A5B9-BFC1-4768-A2D6-7E253604FBDD}.Debug|Tool64.Build.0 = Debug|Tool64
		{41B2A5B9-BFC1-4768-A2D6-7E253604FBDD}.Debug|Win32.ActiveCfg = Debug|Win32
		{41B2A5B9-BFC1-4768-A2D6-7E253604FBDD}.Debug|Win32.Build.0 = Debug|Win32
		{41B2A5B9-BFC1-4768-A2D6-7E253604FBDD}.Debug|Win32 DX11.ActiveCfg = Debug DX11|Win32
		{41B2A5B9-BFC1-4768-A2D6-7E253604FBDD}.Debug|Win32 DX11.Build.0 = Debug DX11|Win32
		{41B2A5B9-BFC1-4768-A2D6-7E253604FBDD}.Debug|x64.ActiveCfg = Debug|x64
		{41B2A5B9-BFC1-4768-A2D6-7E253604FBDD}.Debug|x64.Build.0 = Debug|x64
		{41B2A5B9-BFC1-4768-A2D6-7E253604FBDD}.Debug|Xbox 360.ActiveCfg = Debug|Xbox 360
		{41B2A5B9-BFC1-4768-A2D6-7E253604FBDD}.Debug|Xbox 360.Build.0 = Debug|Xbox 360
		{41B2A5B9-BFC1-4768-A2D6-7E253604FBDD}.Debug|ORBIS.ActiveCfg = Debug|ORBIS
		{41B2A5B9-BFC1-4768-A2D6-7E253604FBDD}.Debug|ORBIS.Build.0 = Debug|ORBIS
		{6C3FBEBE-D502-4943-849E-58C5A1DF3A57}.Beta|PS3.ActiveCfg = Beta|PS3
		{6C3FBEBE-D502-4943-849E-58C5A1DF3A57}.Beta|PS3.Build.0 = Beta|PS3
		{6C3FBEBE-D502-4943-849E-58C5A1DF3A57}.Beta|Rsc.ActiveCfg = Beta|Rsc
		{6C3FBEBE-D502-4943-849E-58C5A1DF3A57}.Beta|Rsc.Build.0 = Beta|Rsc
		{6C3FBEBE-D502-4943-849E-58C5A1DF3A57}.Beta|Tool.ActiveCfg = Beta|Tool
		{6C3FBEBE-D502-4943-849E-58C5A1DF3A57}.Beta|Tool.Build.0 = Beta|Tool
		{6C3FBEBE-D502-4943-849E-58C5A1DF3A57}.Beta|Tool64.ActiveCfg = Beta|Tool64
		{6C3FBEBE-D502-4943-849E-58C5A1DF3A57}.Beta|Tool64.Build.0 = Beta|Tool64
		{6C3FBEBE-D502-4943-849E-58C5A1DF3A57}.Beta|Win32.ActiveCfg = Beta|Win32
		{6C3FBEBE-D502-4943-849E-58C5A1DF3A57}.Beta|Win32.Build.0 = Beta|Win32
		{6C3FBEBE-D502-4943-849E-58C5A1DF3A57}.Beta|Win32 DX11.ActiveCfg = Beta DX11|Win32
		{6C3FBEBE-D502-4943-849E-58C5A1DF3A57}.Beta|Win32 DX11.Build.0 = Beta DX11|Win32
		{6C3FBEBE-D502-4943-849E-58C5A1DF3A57}.Beta|x64.ActiveCfg = Beta|x64
		{6C3FBEBE-D502-4943-849E-58C5A1DF3A57}.Beta|x64.Build.0 = Beta|x64
		{6C3FBEBE-D502-4943-849E-58C5A1DF3A57}.Beta|Xbox 360.ActiveCfg = Beta|Xbox 360
		{6C3FBEBE-D502-4943-849E-58C5A1DF3A57}.Beta|Xbox 360.Build.0 = Beta|Xbox 360
		{6C3FBEBE-D502-4943-849E-58C5A1DF3A57}.Beta|ORBIS.ActiveCfg = Beta|ORBIS
		{6C3FBEBE-D502-4943-849E-58C5A1DF3A57}.Beta|ORBIS.Build.0 = Beta|ORBIS
		{6C3FBEBE-D502-4943-849E-58C5A1DF3A57}.Debug|PS3.ActiveCfg = Debug|PS3
		{6C3FBEBE-D502-4943-849E-58C5A1DF3A57}.Debug|PS3.Build.0 = Debug|PS3
		{6C3FBEBE-D502-4943-849E-58C5A1DF3A57}.Debug|Rsc.ActiveCfg = Debug|Rsc
		{6C3FBEBE-D502-4943-849E-58C5A1DF3A57}.Debug|Rsc.Build.0 = Debug|Rsc
		{6C3FBEBE-D502-4943-849E-58C5A1DF3A57}.Debug|Tool.ActiveCfg = Debug|Tool
		{6C3FBEBE-D502-4943-849E-58C5A1DF3A57}.Debug|Tool.Build.0 = Debug|Tool
		{6C3FBEBE-D502-4943-849E-58C5A1DF3A57}.Debug|Tool64.ActiveCfg = Debug|Tool64
		{6C3FBEBE-D502-4943-849E-58C5A1DF3A57}.Debug|Tool64.Build.0 = Debug|Tool64
		{6C3FBEBE-D502-4943-849E-58C5A1DF3A57}.Debug|Win32.ActiveCfg = Debug|Win32
		{6C3FBEBE-D502-4943-849E-58C5A1DF3A57}.Debug|Win32.Build.0 = Debug|Win32
		{6C3FBEBE-D502-4943-849E-58C5A1DF3A57}.Debug|Win32 DX11.ActiveCfg = Debug DX11|Win32
		{6C3FBEBE-D502-4943-849E-58C5A1DF3A57}.Debug|Win32 DX11.Build.0 = Debug DX11|Win32
		{6C3FBEBE-D502-4943-849E-58C5A1DF3A57}.Debug|x64.ActiveCfg = Debug|x64
		{6C3FBEBE-D502-4943-849E-58C5A1DF3A57}.Debug|x64.Build.0 = Debug|x64
		{6C3FBEBE-D502-4943-849E-58C5A1DF3A57}.Debug|Xbox 360.ActiveCfg = Debug|Xbox 360
		{6C3FBEBE-D502-4943-849E-58C5A1DF3A57}.Debug|Xbox 360.Build.0 = Debug|Xbox 360
		{6C3FBEBE-D502-4943-849E-58C5A1DF3A57}.Debug|ORBIS.ActiveCfg = Debug|ORBIS
		{6C3FBEBE-D502-4943-849E-58C5A1DF3A57}.Debug|ORBIS.Build.0 = Debug|ORBIS
		{C282484D-F7DE-4E19-8B0D-25E16B6D753D}.Beta|PS3.ActiveCfg = Beta|PS3
		{C282484D-F7DE-4E19-8B0D-25E16B6D753D}.Beta|PS3.Build.0 = Beta|PS3
		{C282484D-F7DE-4E19-8B0D-25E16B6D753D}.Beta|Rsc.ActiveCfg = Beta|Rsc
		{C282484D-F7DE-4E19-8B0D-25E16B6D753D}.Beta|Rsc.Build.0 = Beta|Rsc
		{C282484D-F7DE-4E19-8B0D-25E16B6D753D}.Beta|Tool.ActiveCfg = Beta|Tool
		{C282484D-F7DE-4E19-8B0D-25E16B6D753D}.Beta|Tool.Build.0 = Beta|Tool
		{C282484D-F7DE-4E19-8B0D-25E16B6D753D}.Beta|Tool64.ActiveCfg = Beta|Tool64
		{C282484D-F7DE-4E19-8B0D-25E16B6D753D}.Beta|Tool64.Build.0 = Beta|Tool64
		{C282484D-F7DE-4E19-8B0D-25E16B6D753D}.Beta|Win32.ActiveCfg = Beta|Win32
		{C282484D-F7DE-4E19-8B0D-25E16B6D753D}.Beta|Win32.Build.0 = Beta|Win32
		{C282484D-F7DE-4E19-8B0D-25E16B6D753D}.Beta|Win32 DX11.ActiveCfg = Beta DX11|Win32
		{C282484D-F7DE-4E19-8B0D-25E16B6D753D}.Beta|Win32 DX11.Build.0 = Beta DX11|Win32
		{C282484D-F7DE-4E19-8B0D-25E16B6D753D}.Beta|x64.ActiveCfg = Beta|x64
		{C282484D-F7DE-4E19-8B0D-25E16B6D753D}.Beta|x64.Build.0 = Beta|x64
		{C282484D-F7DE-4E19-8B0D-25E16B6D753D}.Beta|Xbox 360.ActiveCfg = Beta|Xbox 360
		{C282484D-F7DE-4E19-8B0D-25E16B6D753D}.Beta|Xbox 360.Build.0 = Beta|Xbox 360
		{C282484D-F7DE-4E19-8B0D-25E16B6D753D}.Beta|ORBIS.ActiveCfg = Beta|ORBIS
		{C282484D-F7DE-4E19-8B0D-25E16B6D753D}.Beta|ORBIS.Build.0 = Beta|ORBIS
		{C282484D-F7DE-4E19-8B0D-25E16B6D753D}.Debug|PS3.ActiveCfg = Debug|PS3
		{C282484D-F7DE-4E19-8B0D-25E16B6D753D}.Debug|PS3.Build.0 = Debug|PS3
		{C282484D-F7DE-4E19-8B0D-25E16B6D753D}.Debug|Rsc.ActiveCfg = Debug|Rsc
		{C282484D-F7DE-4E19-8B0D-25E16B6D753D}.Debug|Rsc.Build.0 = Debug|Rsc
		{C282484D-F7DE-4E19-8B0D-25E16B6D753D}.Debug|Tool.ActiveCfg = Debug|Tool
		{C282484D-F7DE-4E19-8B0D-25E16B6D753D}.Debug|Tool.Build.0 = Debug|Tool
		{C282484D-F7DE-4E19-8B0D-25E16B6D753D}.Debug|Tool64.ActiveCfg = Debug|Tool64
		{C282484D-F7DE-4E19-8B0D-25E16B6D753D}.Debug|Tool64.Build.0 = Debug|Tool64
		{C282484D-F7DE-4E19-8B0D-25E16B6D753D}.Debug|Win32.ActiveCfg = Debug|Win32
		{C282484D-F7DE-4E19-8B0D-25E16B6D753D}.Debug|Win32.Build.0 = Debug|Win32
		{C282484D-F7DE-4E19-8B0D-25E16B6D753D}.Debug|Win32 DX11.ActiveCfg = Debug DX11|Win32
		{C282484D-F7DE-4E19-8B0D-25E16B6D753D}.Debug|Win32 DX11.Build.0 = Debug DX11|Win32
		{C282484D-F7DE-4E19-8B0D-25E16B6D753D}.Debug|x64.ActiveCfg = Debug|x64
		{C282484D-F7DE-4E19-8B0D-25E16B6D753D}.Debug|x64.Build.0 = Debug|x64
		{C282484D-F7DE-4E19-8B0D-25E16B6D753D}.Debug|Xbox 360.ActiveCfg = Debug|Xbox 360
		{C282484D-F7DE-4E19-8B0D-25E16B6D753D}.Debug|Xbox 360.Build.0 = Debug|Xbox 360
		{C282484D-F7DE-4E19-8B0D-25E16B6D753D}.Debug|ORBIS.ActiveCfg = Debug|ORBIS
		{C282484D-F7DE-4E19-8B0D-25E16B6D753D}.Debug|ORBIS.Build.0 = Debug|ORBIS
		{7E0377FE-C1D8-45B6-96E5-03DA9C484DD7}.Beta|PS3.ActiveCfg = Beta|PS3
		{7E0377FE-C1D8-45B6-96E5-03DA9C484DD7}.Beta|PS3.Build.0 = Beta|PS3
		{7E0377FE-C1D8-45B6-96E5-03DA9C484DD7}.Beta|Rsc.ActiveCfg = Beta|Rsc
		{7E0377FE-C1D8-45B6-96E5-03DA9C484DD7}.Beta|Rsc.Build.0 = Beta|Rsc
		{7E0377FE-C1D8-45B6-96E5-03DA9C484DD7}.Beta|Tool.ActiveCfg = Beta|Tool
		{7E0377FE-C1D8-45B6-96E5-03DA9C484DD7}.Beta|Tool.Build.0 = Beta|Tool
		{7E0377FE-C1D8-45B6-96E5-03DA9C484DD7}.Beta|Tool64.ActiveCfg = Beta|Tool64
		{7E0377FE-C1D8-45B6-96E5-03DA9C484DD7}.Beta|Tool64.Build.0 = Beta|Tool64
		{7E0377FE-C1D8-45B6-96E5-03DA9C484DD7}.Beta|Win32.ActiveCfg = Beta|Win32
		{7E0377FE-C1D8-45B6-96E5-03DA9C484DD7}.Beta|Win32.Build.0 = Beta|Win32
		{7E0377FE-C1D8-45B6-96E5-03DA9C484DD7}.Beta|Win32 DX11.ActiveCfg = Beta DX11|Win32
		{7E0377FE-C1D8-45B6-96E5-03DA9C484DD7}.Beta|Win32 DX11.Build.0 = Beta DX11|Win32
		{7E0377FE-C1D8-45B6-96E5-03DA9C484DD7}.Beta|x64.ActiveCfg = Beta|x64
		{7E0377FE-C1D8-45B6-96E5-03DA9C484DD7}.Beta|x64.Build.0 = Beta|x64
		{7E0377FE-C1D8-45B6-96E5-03DA9C484DD7}.Beta|Xbox 360.ActiveCfg = Beta|Xbox 360
		{7E0377FE-C1D8-45B6-96E5-03DA9C484DD7}.Beta|Xbox 360.Build.0 = Beta|Xbox 360
		{7E0377FE-C1D8-45B6-96E5-03DA9C484DD7}.Beta|ORBIS.ActiveCfg = Beta|ORBIS
		{7E0377FE-C1D8-45B6-96E5-03DA9C484DD7}.Beta|ORBIS.Build.0 = Beta|ORBIS
		{7E0377FE-C1D8-45B6-96E5-03DA9C484DD7}.Debug|PS3.ActiveCfg = Debug|PS3
		{7E0377FE-C1D8-45B6-96E5-03DA9C484DD7}.Debug|PS3.Build.0 = Debug|PS3
		{7E0377FE-C1D8-45B6-96E5-03DA9C484DD7}.Debug|Rsc.ActiveCfg = Debug|Rsc
		{7E0377FE-C1D8-45B6-96E5-03DA9C484DD7}.Debug|Rsc.Build.0 = Debug|Rsc
		{7E0377FE-C1D8-45B6-96E5-03DA9C484DD7}.Debug|Tool.ActiveCfg = Debug|Tool
		{7E0377FE-C1D8-45B6-96E5-03DA9C484DD7}.Debug|Tool.Build.0 = Debug|Tool
		{7E0377FE-C1D8-45B6-96E5-03DA9C484DD7}.Debug|Tool64.ActiveCfg = Debug|Tool64
		{7E0377FE-C1D8-45B6-96E5-03DA9C484DD7}.Debug|Tool64.Build.0 = Debug|Tool64
		{7E0377FE-C1D8-45B6-96E5-03DA9C484DD7}.Debug|Win32.ActiveCfg = Debug|Win32
		{7E0377FE-C1D8-45B6-96E5-03DA9C484DD7}.Debug|Win32.Build.0 = Debug|Win32
		{7E0377FE-C1D8-45B6-96E5-03DA9C484DD7}.Debug|Win32 DX11.ActiveCfg = Debug DX11|Win32
		{7E0377FE-C1D8-45B6-96E5-03DA9C484DD7}.Debug|Win32 DX11.Build.0 = Debug DX11|Win32
		{7E0377FE-C1D8-45B6-96E5-03DA9C484DD7}.Debug|x64.ActiveCfg = Debug|x64
		{7E0377FE-C1D8-45B6-96E5-03DA9C484DD7}.Debug|x64.Build.0 = Debug|x64
		{7E0377FE-C1D8-45B6-96E5-03DA9C484DD7}.Debug|Xbox 360.ActiveCfg = Debug|Xbox 360
		{7E0377FE-C1D8-45B6-96E5-03DA9C484DD7}.Debug|Xbox 360.Build.0 = Debug|Xbox 360
		{7E0377FE-C1D8-45B6-96E5-03DA9C484DD7}.Debug|ORBIS.ActiveCfg = Debug|ORBIS
		{7E0377FE-C1D8-45B6-96E5-03DA9C484DD7}.Debug|ORBIS.Build.0 = Debug|ORBIS
		{8A5A4117-6962-4381-B042-0875AD320F66}.Beta|PS3.ActiveCfg = Beta|PS3
		{8A5A4117-6962-4381-B042-0875AD320F66}.Beta|PS3.Build.0 = Beta|PS3
		{8A5A4117-6962-4381-B042-0875AD320F66}.Beta|Rsc.ActiveCfg = Beta|Rsc
		{8A5A4117-6962-4381-B042-0875AD320F66}.Beta|Rsc.Build.0 = Beta|Rsc
		{8A5A4117-6962-4381-B042-0875AD320F66}.Beta|Tool.ActiveCfg = Beta|Tool
		{8A5A4117-6962-4381-B042-0875AD320F66}.Beta|Tool.Build.0 = Beta|Tool
		{8A5A4117-6962-4381-B042-0875AD320F66}.Beta|Tool64.ActiveCfg = Beta|Tool64
		{8A5A4117-6962-4381-B042-0875AD320F66}.Beta|Tool64.Build.0 = Beta|Tool64
		{8A5A4117-6962-4381-B042-0875AD320F66}.Beta|Win32.ActiveCfg = Beta|Win32
		{8A5A4117-6962-4381-B042-0875AD320F66}.Beta|Win32.Build.0 = Beta|Win32
		{8A5A4117-6962-4381-B042-0875AD320F66}.Beta|Win32 DX11.ActiveCfg = Beta DX11|Win32
		{8A5A4117-6962-4381-B042-0875AD320F66}.Beta|Win32 DX11.Build.0 = Beta DX11|Win32
		{8A5A4117-6962-4381-B042-0875AD320F66}.Beta|x64.ActiveCfg = Beta|x64
		{8A5A4117-6962-4381-B042-0875AD320F66}.Beta|x64.Build.0 = Beta|x64
		{8A5A4117-6962-4381-B042-0875AD320F66}.Beta|Xbox 360.ActiveCfg = Beta|Xbox 360
		{8A5A4117-6962-4381-B042-0875AD320F66}.Beta|Xbox 360.Build.0 = Beta|Xbox 360
		{8A5A4117-6962-4381-B042-0875AD320F66}.Beta|ORBIS.ActiveCfg = Beta|ORBIS
		{8A5A4117-6962-4381-B042-0875AD320F66}.Beta|ORBIS.Build.0 = Beta|ORBIS
		{8A5A4117-6962-4381-B042-0875AD320F66}.Debug|PS3.ActiveCfg = Debug|PS3
		{8A5A4117-6962-4381-B042-0875AD320F66}.Debug|PS3.Build.0 = Debug|PS3
		{8A5A4117-6962-4381-B042-0875AD320F66}.Debug|Rsc.ActiveCfg = Debug|Rsc
		{8A5A4117-6962-4381-B042-0875AD320F66}.Debug|Rsc.Build.0 = Debug|Rsc
		{8A5A4117-6962-4381-B042-0875AD320F66}.Debug|Tool.ActiveCfg = Debug|Tool
		{8A5A4117-6962-4381-B042-0875AD320F66}.Debug|Tool.Build.0 = Debug|Tool
		{8A5A4117-6962-4381-B042-0875AD320F66}.Debug|Tool64.ActiveCfg = Debug|Tool64
		{8A5A4117-6962-4381-B042-0875AD320F66}.Debug|Tool64.Build.0 = Debug|Tool64
		{8A5A4117-6962-4381-B042-0875AD320F66}.Debug|Win32.ActiveCfg = Debug|Win32
		{8A5A4117-6962-4381-B042-0875AD320F66}.Debug|Win32.Build.0 = Debug|Win32
		{8A5A4117-6962-4381-B042-0875AD320F66}.Debug|Win32 DX11.ActiveCfg = Debug DX11|Win32
		{8A5A4117-6962-4381-B042-0875AD320F66}.Debug|Win32 DX11.Build.0 = Debug DX11|Win32
		{8A5A4117-6962-4381-B042-0875AD320F66}.Debug|x64.ActiveCfg = Debug|x64
		{8A5A4117-6962-4381-B042-0875AD320F66}.Debug|x64.Build.0 = Debug|x64
		{8A5A4117-6962-4381-B042-0875AD320F66}.Debug|Xbox 360.ActiveCfg = Debug|Xbox 360
		{8A5A4117-6962-4381-B042-0875AD320F66}.Debug|Xbox 360.Build.0 = Debug|Xbox 360
		{8A5A4117-6962-4381-B042-0875AD320F66}.Debug|ORBIS.ActiveCfg = Debug|ORBIS
		{8A5A4117-6962-4381-B042-0875AD320F66}.Debug|ORBIS.Build.0 = Debug|ORBIS
		{6E977019-6D57-46B9-BD12-82998CB4975F}.Beta|PS3.ActiveCfg = Beta|PS3
		{6E977019-6D57-46B9-BD12-82998CB4975F}.Beta|PS3.Build.0 = Beta|PS3
		{6E977019-6D57-46B9-BD12-82998CB4975F}.Beta|Rsc.ActiveCfg = Beta|Rsc
		{6E977019-6D57-46B9-BD12-82998CB4975F}.Beta|Rsc.Build.0 = Beta|Rsc
		{6E977019-6D57-46B9-BD12-82998CB4975F}.Beta|Tool.ActiveCfg = Beta|Tool
		{6E977019-6D57-46B9-BD12-82998CB4975F}.Beta|Tool.Build.0 = Beta|Tool
		{6E977019-6D57-46B9-BD12-82998CB4975F}.Beta|Tool64.ActiveCfg = Beta|Tool64
		{6E977019-6D57-46B9-BD12-82998CB4975F}.Beta|Tool64.Build.0 = Beta|Tool64
		{6E977019-6D57-46B9-BD12-82998CB4975F}.Beta|Win32.ActiveCfg = Beta|Win32
		{6E977019-6D57-46B9-BD12-82998CB4975F}.Beta|Win32.Build.0 = Beta|Win32
		{6E977019-6D57-46B9-BD12-82998CB4975F}.Beta|Win32 DX11.ActiveCfg = Beta DX11|Win32
		{6E977019-6D57-46B9-BD12-82998CB4975F}.Beta|Win32 DX11.Build.0 = Beta DX11|Win32
		{6E977019-6D57-46B9-BD12-82998CB4975F}.Beta|x64.ActiveCfg = Beta|x64
		{6E977019-6D57-46B9-BD12-82998CB4975F}.Beta|x64.Build.0 = Beta|x64
		{6E977019-6D57-46B9-BD12-82998CB4975F}.Beta|Xbox 360.ActiveCfg = Beta|Xbox 360
		{6E977019-6D57-46B9-BD12-82998CB4975F}.Beta|Xbox 360.Build.0 = Beta|Xbox 360
		{6E977019-6D57-46B9-BD12-82998CB4975F}.Beta|ORBIS.ActiveCfg = Beta|ORBIS
		{6E977019-6D57-46B9-BD12-82998CB4975F}.Beta|ORBIS.Build.0 = Beta|ORBIS
		{6E977019-6D57-46B9-BD12-82998CB4975F}.Debug|PS3.ActiveCfg = Debug|PS3
		{6E977019-6D57-46B9-BD12-82998CB4975F}.Debug|PS3.Build.0 = Debug|PS3
		{6E977019-6D57-46B9-BD12-82998CB4975F}.Debug|Rsc.ActiveCfg = Debug|Rsc
		{6E977019-6D57-46B9-BD12-82998CB4975F}.Debug|Rsc.Build.0 = Debug|Rsc
		{6E977019-6D57-46B9-BD12-82998CB4975F}.Debug|Tool.ActiveCfg = Debug|Tool
		{6E977019-6D57-46B9-BD12-82998CB4975F}.Debug|Tool.Build.0 = Debug|Tool
		{6E977019-6D57-46B9-BD12-82998CB4975F}.Debug|Tool64.ActiveCfg = Debug|Tool64
		{6E977019-6D57-46B9-BD12-82998CB4975F}.Debug|Tool64.Build.0 = Debug|Tool64
		{6E977019-6D57-46B9-BD12-82998CB4975F}.Debug|Win32.ActiveCfg = Debug|Win32
		{6E977019-6D57-46B9-BD12-82998CB4975F}.Debug|Win32.Build.0 = Debug|Win32
		{6E977019-6D57-46B9-BD12-82998CB4975F}.Debug|Win32 DX11.ActiveCfg = Debug DX11|Win32
		{6E977019-6D57-46B9-BD12-82998CB4975F}.Debug|Win32 DX11.Build.0 = Debug DX11|Win32
		{6E977019-6D57-46B9-BD12-82998CB4975F}.Debug|x64.ActiveCfg = Debug|x64
		{6E977019-6D57-46B9-BD12-82998CB4975F}.Debug|x64.Build.0 = Debug|x64
		{6E977019-6D57-46B9-BD12-82998CB4975F}.Debug|Xbox 360.ActiveCfg = Debug|Xbox 360
		{6E977019-6D57-46B9-BD12-82998CB4975F}.Debug|Xbox 360.Build.0 = Debug|Xbox 360
		{6E977019-6D57-46B9-BD12-82998CB4975F}.Debug|ORBIS.ActiveCfg = Debug|ORBIS
		{6E977019-6D57-46B9-BD12-82998CB4975F}.Debug|ORBIS.Build.0 = Debug|ORBIS
	EndGlobalSection
	GlobalSection(SolutionProperties) = preSolution
		HideSolutionNode = FALSE
	EndGlobalSection
EndGlobal
