<?xml version="1.0" encoding="UTF-8"?>
<Project DefaultTargets="Build" ToolsVersion="4.0" xmlns="http://schemas.microsoft.com/developer/msbuild/2003">
  <ItemGroup />
  <ItemGroup>
    <ClInclude Include="bufferlock.h" />
    <ClInclude Include="channel.h" />
    <ClInclude Include="fvf.h" />
    <ClInclude Include="texture.h" />
    <ClInclude Include="texturereference.h" />
    <ClInclude Include="texturecontrol.h" />
    <ClInclude Include="light.h" />
    <ClInclude Include="image.h" />
    <ClInclude Include="image_dxt.h" />
    <ClInclude Include="viewport.h" />
    <ClInclude Include="font.h" />
    <ClInclude Include="bankio.h" />
    <ClInclude Include="setup.h" />
    <ClInclude Include="shmoo.h" />
    <ClInclude Include="texturestring.h" />
    <ClInclude Include="effect_values.h" />
    <ClInclude Include="effect_config.h" />
    <ClInclude Include="effect_internal.h" />
    <ClInclude Include="fastquad.h" />
    <ClInclude Include="fastquad_switch.h" />
    <ClInclude Include="quads.h" />
    <ClInclude Include="config.h" />
    <ClInclude Include="drawmode.h" />
    <ClInclude Include="locktypes.h" />
    <ClInclude Include="vertexbuffer.h" />
    <ClInclude Include="vertexbuffereditor.h" />
    <ClInclude Include="indexbuffer.h" />
    <ClInclude Include="fvfchannels.h" />
    <ClInclude Include="texturedefault.h" />
    <ClInclude Include="device.h" />
    <ClInclude Include="im.h" />
    <ClInclude Include="dds.h" />
    <ClInclude Include="effect_typedefs.h" />
    <ClInclude Include="translate_state.h" />
    <ClInclude Include="vertexdecl.h" />
    <ClInclude Include="viewport_inline.h" />
    <ClInclude Include="effect.h" />
    <ClInclude Include="resourceversions.h" />
    <ClInclude Include="matrix43.h" />
    <ClInclude Include="array.h" />
    <ClInclude Include="gputimer.h" />
    <ClInclude Include="stateblock.h" />
    <ClInclude Include="stateblock_internal.h" />
    <ClInclude Include="cbset.h" />
    <ClInclude Include="monitor.h" />
  </ItemGroup>
  <ItemGroup>
    <ClCompile Include="bufferlock.cpp" />
    <ClCompile Include="fvf.cpp" />
    <ClCompile Include="texture.cpp" />
    <ClCompile Include="texturereference.cpp" />
    <ClCompile Include="texturecontrol.cpp" />
    <ClCompile Include="light.cpp" />
    <ClCompile Include="image.cpp" />
    <ClCompile Include="viewport.cpp" />
    <ClCompile Include="font.cpp" />
    <ClCompile Include="bankio.cpp" />
    <ClCompile Include="grcsetup.cpp" />
    <ClCompile Include="shmoo.cpp" />
    <ClCompile Include="texturestring.cpp" />
    <ClCompile Include="effect_values.cpp" />
    <ClCompile Include="fastquad.cpp" />
    <ClCompile Include="quads.cpp" />
    <ClCompile Include="im_common.cpp" />
    <ClCompile Include="vertexbuffer_common.cpp" />
    <ClCompile Include="vertexbuffereditor.cpp" />
    <ClCompile Include="indexbuffer_common.cpp" />
    <ClCompile Include="image_jpeg.cpp" />
    <ClCompile Include="image_png.cpp" />
    <ClCompile Include="effect_edit.cpp" />
    <ClCompile Include="effect_load.cpp" />
    <ClCompile Include="effect_update.cpp" />
    <ClCompile Include="effect_render.cpp" />
    <ClCompile Include="effect_resource.cpp" />
    <ClCompile Include="gputimer.cpp" />
    <ClCompile Include="stateblock.cpp" />
    <ClCompile Include="cbset.cpp" />
    <ClCompile Include="monitor.cpp" />
  </ItemGroup>
</Project>